<?xml version="1.0" encoding="UTF-8"?>
<!DOCTYPE plist PUBLIC "-//Apple//DTD PLIST 1.0//EN" "http://www.apple.com/DTDs/PropertyList-1.0.dtd">
<plist version="1.0">
<dict>
	<key>archiveVersion</key>
	<string>1</string>
	<key>classes</key>
	<dict/>
	<key>objectVersion</key>
	<string>46</string>
	<key>objects</key>
	<dict>
		<key>0D61312C4A537A94EFEE1019</key>
		<dict>
			<key>includeInIndex</key>
			<string>1</string>
			<key>isa</key>
			<string>PBXFileReference</string>
			<key>lastKnownFileType</key>
			<string>text.xcconfig</string>
			<key>name</key>
			<string>Pods.release.xcconfig</string>
			<key>path</key>
			<string>Pods/Target Support Files/Pods/Pods.release.xcconfig</string>
			<key>sourceTree</key>
			<string>&lt;group&gt;</string>
		</dict>
		<key>1938DDC3558F4C86971187D6</key>
		<dict>
			<key>buildActionMask</key>
			<string>2147483647</string>
			<key>files</key>
			<array/>
			<key>inputPaths</key>
			<array/>
			<key>isa</key>
			<string>PBXShellScriptBuildPhase</string>
			<key>name</key>
			<string>Copy Pods Resources</string>
			<key>outputPaths</key>
			<array/>
			<key>runOnlyForDeploymentPostprocessing</key>
			<string>0</string>
			<key>shellPath</key>
			<string>/bin/sh</string>
			<key>shellScript</key>
			<string>"${SRCROOT}/Pods/Target Support Files/Pods/Pods-resources.sh"
</string>
			<key>showEnvVarsInLog</key>
			<string>0</string>
		</dict>
		<key>2615AEC41972DCCF00E81AB5</key>
		<dict>
			<key>fileEncoding</key>
			<string>4</string>
			<key>isa</key>
			<string>PBXFileReference</string>
			<key>lastKnownFileType</key>
			<string>sourcecode.c.h</string>
			<key>path</key>
			<string>DisableAnimationLooping.h</string>
			<key>sourceTree</key>
			<string>&lt;group&gt;</string>
		</dict>
		<key>2615AEC51972DCCF00E81AB5</key>
		<dict>
			<key>fileEncoding</key>
			<string>4</string>
			<key>isa</key>
			<string>PBXFileReference</string>
			<key>lastKnownFileType</key>
			<string>sourcecode.c.objc</string>
			<key>path</key>
			<string>DisableAnimationLooping.m</string>
			<key>sourceTree</key>
			<string>&lt;group&gt;</string>
		</dict>
		<key>2615AEC61972DCCF00E81AB5</key>
		<dict>
			<key>fileEncoding</key>
			<string>4</string>
			<key>isa</key>
			<string>PBXFileReference</string>
			<key>lastKnownFileType</key>
			<string>sourcecode.c.h</string>
			<key>path</key>
			<string>LoopANonLoopingAnimation.h</string>
			<key>sourceTree</key>
			<string>&lt;group&gt;</string>
		</dict>
		<key>2615AEC71972DCCF00E81AB5</key>
		<dict>
			<key>fileEncoding</key>
			<string>4</string>
			<key>isa</key>
			<string>PBXFileReference</string>
			<key>lastKnownFileType</key>
			<string>sourcecode.c.objc</string>
			<key>path</key>
			<string>LoopANonLoopingAnimation.m</string>
			<key>sourceTree</key>
			<string>&lt;group&gt;</string>
		</dict>
		<key>2615AEC81972DCD000E81AB5</key>
		<dict>
			<key>fileRef</key>
			<string>2615AEC51972DCCF00E81AB5</string>
			<key>isa</key>
			<string>PBXBuildFile</string>
		</dict>
		<key>2615AEC91972DCD000E81AB5</key>
		<dict>
			<key>fileRef</key>
			<string>2615AEC71972DCCF00E81AB5</string>
			<key>isa</key>
			<string>PBXBuildFile</string>
		</dict>
		<key>265CB53A1973E3980069B105</key>
		<dict>
			<key>fileEncoding</key>
			<string>4</string>
			<key>isa</key>
			<string>PBXFileReference</string>
			<key>lastKnownFileType</key>
			<string>sourcecode.c.h</string>
			<key>path</key>
			<string>SimpleBoneAnimation.h</string>
			<key>sourceTree</key>
			<string>&lt;group&gt;</string>
		</dict>
		<key>265CB53B1973E3980069B105</key>
		<dict>
			<key>fileEncoding</key>
			<string>4</string>
			<key>isa</key>
			<string>PBXFileReference</string>
			<key>lastKnownFileType</key>
			<string>sourcecode.c.objc</string>
			<key>path</key>
			<string>SimpleBoneAnimation.m</string>
			<key>sourceTree</key>
			<string>&lt;group&gt;</string>
		</dict>
		<key>265CB53C1973E3980069B105</key>
		<dict>
			<key>fileRef</key>
			<string>265CB53B1973E3980069B105</string>
			<key>isa</key>
			<string>PBXBuildFile</string>
		</dict>
		<key>26A3B781197E6E1400F9854A</key>
		<dict>
			<key>fileEncoding</key>
			<string>4</string>
			<key>isa</key>
			<string>PBXFileReference</string>
			<key>lastKnownFileType</key>
			<string>sourcecode.c.h</string>
			<key>path</key>
			<string>BoneScale.h</string>
			<key>sourceTree</key>
			<string>&lt;group&gt;</string>
		</dict>
		<key>26A3B782197E6E1400F9854A</key>
		<dict>
			<key>fileEncoding</key>
			<string>4</string>
			<key>isa</key>
			<string>PBXFileReference</string>
			<key>lastKnownFileType</key>
			<string>sourcecode.c.objc</string>
			<key>path</key>
			<string>BoneScale.m</string>
			<key>sourceTree</key>
			<string>&lt;group&gt;</string>
		</dict>
		<key>26A3B783197E6E1400F9854A</key>
		<dict>
			<key>fileRef</key>
			<string>26A3B782197E6E1400F9854A</string>
			<key>isa</key>
			<string>PBXBuildFile</string>
		</dict>
		<key>26A44D201972880D00046422</key>
		<dict>
			<key>fileEncoding</key>
			<string>4</string>
			<key>isa</key>
			<string>PBXFileReference</string>
			<key>lastKnownFileType</key>
			<string>text.xml</string>
			<key>path</key>
			<string>BasicTests.scml</string>
			<key>sourceTree</key>
			<string>&lt;group&gt;</string>
		</dict>
		<key>26A44D211972880D00046422</key>
		<dict>
			<key>fileRef</key>
			<string>26A44D201972880D00046422</string>
			<key>isa</key>
			<string>PBXBuildFile</string>
		</dict>
		<key>26A44D221972882C00046422</key>
		<dict>
			<key>fileEncoding</key>
			<string>4</string>
			<key>isa</key>
			<string>PBXFileReference</string>
			<key>lastKnownFileType</key>
			<string>sourcecode.c.h</string>
			<key>path</key>
			<string>TextureReplacement.h</string>
			<key>sourceTree</key>
			<string>&lt;group&gt;</string>
		</dict>
		<key>26A44D231972882C00046422</key>
		<dict>
			<key>fileEncoding</key>
			<string>4</string>
			<key>isa</key>
			<string>PBXFileReference</string>
			<key>lastKnownFileType</key>
			<string>sourcecode.c.objc</string>
			<key>path</key>
			<string>TextureReplacement.m</string>
			<key>sourceTree</key>
			<string>&lt;group&gt;</string>
		</dict>
		<key>26A44D241972882C00046422</key>
		<dict>
			<key>fileRef</key>
			<string>26A44D231972882C00046422</string>
			<key>isa</key>
			<string>PBXBuildFile</string>
		</dict>
		<key>26A44D25197291EF00046422</key>
		<dict>
			<key>fileEncoding</key>
			<string>4</string>
			<key>isa</key>
			<string>PBXFileReference</string>
			<key>lastKnownFileType</key>
			<string>sourcecode.c.h</string>
			<key>path</key>
			<string>SimplePositionTranslation.h</string>
			<key>sourceTree</key>
			<string>&lt;group&gt;</string>
		</dict>
		<key>26A44D26197291EF00046422</key>
		<dict>
			<key>fileEncoding</key>
			<string>4</string>
			<key>isa</key>
			<string>PBXFileReference</string>
			<key>lastKnownFileType</key>
			<string>sourcecode.c.objc</string>
			<key>path</key>
			<string>SimplePositionTranslation.m</string>
			<key>sourceTree</key>
			<string>&lt;group&gt;</string>
		</dict>
		<key>26A44D27197291EF00046422</key>
		<dict>
			<key>fileRef</key>
			<string>26A44D26197291EF00046422</string>
			<key>isa</key>
			<string>PBXBuildFile</string>
		</dict>
		<key>26A44D28197293A100046422</key>
		<dict>
			<key>fileEncoding</key>
			<string>4</string>
			<key>isa</key>
			<string>PBXFileReference</string>
			<key>lastKnownFileType</key>
			<string>sourcecode.c.h</string>
			<key>path</key>
			<string>BasicTestScene.h</string>
			<key>sourceTree</key>
			<string>&lt;group&gt;</string>
		</dict>
		<key>26A44D29197293A100046422</key>
		<dict>
			<key>fileEncoding</key>
			<string>4</string>
			<key>isa</key>
			<string>PBXFileReference</string>
			<key>lastKnownFileType</key>
			<string>sourcecode.c.objc</string>
			<key>path</key>
			<string>BasicTestScene.m</string>
			<key>sourceTree</key>
			<string>&lt;group&gt;</string>
		</dict>
		<key>26A44D2A197293A100046422</key>
		<dict>
			<key>fileRef</key>
			<string>26A44D29197293A100046422</string>
			<key>isa</key>
			<string>PBXBuildFile</string>
		</dict>
		<key>26A44D2B1972958D00046422</key>
		<dict>
			<key>fileEncoding</key>
			<string>4</string>
			<key>isa</key>
			<string>PBXFileReference</string>
			<key>lastKnownFileType</key>
			<string>sourcecode.c.h</string>
			<key>path</key>
			<string>ChangePositionScaleAngleAlpha.h</string>
			<key>sourceTree</key>
			<string>&lt;group&gt;</string>
		</dict>
		<key>26A44D2C1972958D00046422</key>
		<dict>
			<key>fileEncoding</key>
			<string>4</string>
			<key>isa</key>
			<string>PBXFileReference</string>
			<key>lastKnownFileType</key>
			<string>sourcecode.c.objc</string>
			<key>path</key>
			<string>ChangePositionScaleAngleAlpha.m</string>
			<key>sourceTree</key>
			<string>&lt;group&gt;</string>
		</dict>
		<key>26A44D2D1972958D00046422</key>
		<dict>
			<key>fileRef</key>
			<string>26A44D2C1972958D00046422</string>
			<key>isa</key>
			<string>PBXBuildFile</string>
		</dict>
		<key>26A44D2E19729B5300046422</key>
		<dict>
			<key>fileEncoding</key>
			<string>4</string>
			<key>isa</key>
			<string>PBXFileReference</string>
			<key>lastKnownFileType</key>
			<string>sourcecode.c.h</string>
			<key>path</key>
			<string>NonLoopingAnimation.h</string>
			<key>sourceTree</key>
			<string>&lt;group&gt;</string>
		</dict>
		<key>26A44D2F19729B5300046422</key>
		<dict>
			<key>fileEncoding</key>
			<string>4</string>
			<key>isa</key>
			<string>PBXFileReference</string>
			<key>lastKnownFileType</key>
			<string>sourcecode.c.objc</string>
			<key>path</key>
			<string>NonLoopingAnimation.m</string>
			<key>sourceTree</key>
			<string>&lt;group&gt;</string>
		</dict>
		<key>26A44D3019729B5300046422</key>
		<dict>
			<key>fileRef</key>
			<string>26A44D2F19729B5300046422</string>
			<key>isa</key>
			<string>PBXBuildFile</string>
		</dict>
		<key>26A44D311972A22600046422</key>
		<dict>
			<key>children</key>
			<array>
				<string>26A44D28197293A100046422</string>
				<string>26A44D29197293A100046422</string>
				<string>26A44D221972882C00046422</string>
				<string>26A44D231972882C00046422</string>
				<string>26A44D321972A2E400046422</string>
				<string>26A44D331972A2E400046422</string>
				<string>26A44D25197291EF00046422</string>
				<string>26A44D26197291EF00046422</string>
				<string>26EEF5BC197543D800B87E3F</string>
				<string>26EEF5BD197543D800B87E3F</string>
				<string>26EEF5BF197548B900B87E3F</string>
				<string>26EEF5C0197548B900B87E3F</string>
				<string>26A44D2B1972958D00046422</string>
				<string>26A44D2C1972958D00046422</string>
				<string>26E1C39A197FF52800B7585E</string>
				<string>26E1C39B197FF52800B7585E</string>
				<string>26A44D2E19729B5300046422</string>
				<string>26A44D2F19729B5300046422</string>
				<string>2615AEC41972DCCF00E81AB5</string>
				<string>2615AEC51972DCCF00E81AB5</string>
				<string>2615AEC61972DCCF00E81AB5</string>
				<string>2615AEC71972DCCF00E81AB5</string>
				<string>265CB53A1973E3980069B105</string>
				<string>265CB53B1973E3980069B105</string>
				<string>26CCE28C19766A8000D4EEC1</string>
				<string>26CCE28D19766A8000D4EEC1</string>
				<string>26EEF5C2197555A500B87E3F</string>
				<string>26EEF5C3197555A500B87E3F</string>
				<string>26A3B781197E6E1400F9854A</string>
				<string>26A3B782197E6E1400F9854A</string>
				<string>26A8EA991980FDFE00A3B5D0</string>
				<string>26A8EA9A1980FDFE00A3B5D0</string>
			</array>
			<key>isa</key>
			<string>PBXGroup</string>
			<key>name</key>
			<string>BasicTests</string>
			<key>sourceTree</key>
			<string>&lt;group&gt;</string>
		</dict>
		<key>26A44D321972A2E400046422</key>
		<dict>
			<key>fileEncoding</key>
			<string>4</string>
			<key>isa</key>
			<string>PBXFileReference</string>
			<key>lastKnownFileType</key>
			<string>sourcecode.c.h</string>
			<key>path</key>
			<string>TexturePivotChanges.h</string>
			<key>sourceTree</key>
			<string>&lt;group&gt;</string>
		</dict>
		<key>26A44D331972A2E400046422</key>
		<dict>
			<key>fileEncoding</key>
			<string>4</string>
			<key>isa</key>
			<string>PBXFileReference</string>
			<key>lastKnownFileType</key>
			<string>sourcecode.c.objc</string>
			<key>path</key>
			<string>TexturePivotChanges.m</string>
			<key>sourceTree</key>
			<string>&lt;group&gt;</string>
		</dict>
		<key>26A44D341972A2E400046422</key>
		<dict>
			<key>fileRef</key>
			<string>26A44D331972A2E400046422</string>
			<key>isa</key>
			<string>PBXBuildFile</string>
		</dict>
		<key>26A44D351972C44400046422</key>
		<dict>
			<key>fileEncoding</key>
			<string>4</string>
			<key>isa</key>
			<string>PBXFileReference</string>
			<key>lastKnownFileType</key>
			<string>sourcecode.c.h</string>
			<key>path</key>
			<string>SpriterFileParser.h</string>
			<key>sourceTree</key>
			<string>&lt;group&gt;</string>
		</dict>
		<key>26A44D361972C44400046422</key>
		<dict>
			<key>fileEncoding</key>
			<string>4</string>
			<key>isa</key>
			<string>PBXFileReference</string>
			<key>lastKnownFileType</key>
			<string>sourcecode.c.objc</string>
			<key>path</key>
			<string>SpriterFileParser.m</string>
			<key>sourceTree</key>
			<string>&lt;group&gt;</string>
		</dict>
		<key>26A44D371972C44400046422</key>
		<dict>
			<key>fileRef</key>
			<string>26A44D361972C44400046422</string>
			<key>isa</key>
			<string>PBXBuildFile</string>
		</dict>
		<key>26A531D7195D834400B95196</key>
		<dict>
			<key>children</key>
			<array>
				<string>26A531E5195D834400B95196</string>
				<string>26A531D8195D834400B95196</string>
				<string>26A531E6195D834400B95196</string>
				<string>26A531ED195D834400B95196</string>
				<string>26A531EF195D834400B95196</string>
				<string>26A53208195D834400B95196</string>
				<string>26A53216195D834400B95196</string>
				<string>26A53220195D834400B95196</string>
				<string>26A53222195D834400B95196</string>
			</array>
			<key>isa</key>
			<string>PBXGroup</string>
			<key>path</key>
			<string>GreyGuy</string>
			<key>sourceTree</key>
			<string>&lt;group&gt;</string>
		</dict>
		<key>26A531D8195D834400B95196</key>
		<dict>
			<key>children</key>
			<array>
				<string>26A531D9195D834400B95196</string>
				<string>26A531DA195D834400B95196</string>
				<string>26A531DB195D834400B95196</string>
				<string>26A531DC195D834400B95196</string>
				<string>26A531DD195D834400B95196</string>
				<string>26A531DE195D834400B95196</string>
				<string>26A531DF195D834400B95196</string>
				<string>26A531E0195D834400B95196</string>
				<string>26A531E1195D834400B95196</string>
				<string>26A531E2195D834400B95196</string>
				<string>26A531E3195D834400B95196</string>
				<string>26A531E4195D834400B95196</string>
			</array>
			<key>isa</key>
			<string>PBXGroup</string>
			<key>path</key>
			<string>arms</string>
			<key>sourceTree</key>
			<string>&lt;group&gt;</string>
		</dict>
		<key>26A531D9195D834400B95196</key>
		<dict>
			<key>isa</key>
			<string>PBXFileReference</string>
			<key>lastKnownFileType</key>
			<string>image.png</string>
			<key>path</key>
			<string>p_arm_idle.png</string>
			<key>sourceTree</key>
			<string>&lt;group&gt;</string>
		</dict>
		<key>26A531DA195D834400B95196</key>
		<dict>
			<key>isa</key>
			<string>PBXFileReference</string>
			<key>lastKnownFileType</key>
			<string>image.png</string>
			<key>path</key>
			<string>p_arm_idle_a.png</string>
			<key>sourceTree</key>
			<string>&lt;group&gt;</string>
		</dict>
		<key>26A531DB195D834400B95196</key>
		<dict>
			<key>isa</key>
			<string>PBXFileReference</string>
			<key>lastKnownFileType</key>
			<string>image.png</string>
			<key>path</key>
			<string>p_arm_slide_0.png</string>
			<key>sourceTree</key>
			<string>&lt;group&gt;</string>
		</dict>
		<key>26A531DC195D834400B95196</key>
		<dict>
			<key>isa</key>
			<string>PBXFileReference</string>
			<key>lastKnownFileType</key>
			<string>image.png</string>
			<key>path</key>
			<string>p_arm_throw_0.png</string>
			<key>sourceTree</key>
			<string>&lt;group&gt;</string>
		</dict>
		<key>26A531DD195D834400B95196</key>
		<dict>
			<key>isa</key>
			<string>PBXFileReference</string>
			<key>lastKnownFileType</key>
			<string>image.png</string>
			<key>path</key>
			<string>p_arm_walk.png</string>
			<key>sourceTree</key>
			<string>&lt;group&gt;</string>
		</dict>
		<key>26A531DE195D834400B95196</key>
		<dict>
			<key>isa</key>
			<string>PBXFileReference</string>
			<key>lastKnownFileType</key>
			<string>image.png</string>
			<key>path</key>
			<string>p_forarm_idle_0.png</string>
			<key>sourceTree</key>
			<string>&lt;group&gt;</string>
		</dict>
		<key>26A531DF195D834400B95196</key>
		<dict>
			<key>isa</key>
			<string>PBXFileReference</string>
			<key>lastKnownFileType</key>
			<string>image.png</string>
			<key>path</key>
			<string>p_forarm_idle_a.png</string>
			<key>sourceTree</key>
			<string>&lt;group&gt;</string>
		</dict>
		<key>26A531E0195D834400B95196</key>
		<dict>
			<key>isa</key>
			<string>PBXFileReference</string>
			<key>lastKnownFileType</key>
			<string>image.png</string>
			<key>path</key>
			<string>p_forarm_jump_0.png</string>
			<key>sourceTree</key>
			<string>&lt;group&gt;</string>
		</dict>
		<key>26A531E1195D834400B95196</key>
		<dict>
			<key>isa</key>
			<string>PBXFileReference</string>
			<key>lastKnownFileType</key>
			<string>image.png</string>
			<key>path</key>
			<string>p_forarm_side_0.png</string>
			<key>sourceTree</key>
			<string>&lt;group&gt;</string>
		</dict>
		<key>26A531E2195D834400B95196</key>
		<dict>
			<key>isa</key>
			<string>PBXFileReference</string>
			<key>lastKnownFileType</key>
			<string>image.png</string>
			<key>path</key>
			<string>p_forarm_under_0.png</string>
			<key>sourceTree</key>
			<string>&lt;group&gt;</string>
		</dict>
		<key>26A531E3195D834400B95196</key>
		<dict>
			<key>isa</key>
			<string>PBXFileReference</string>
			<key>lastKnownFileType</key>
			<string>image.png</string>
			<key>path</key>
			<string>p_forarm_walk_a.png</string>
			<key>sourceTree</key>
			<string>&lt;group&gt;</string>
		</dict>
		<key>26A531E4195D834400B95196</key>
		<dict>
			<key>isa</key>
			<string>PBXFileReference</string>
			<key>lastKnownFileType</key>
			<string>image.png</string>
			<key>path</key>
			<string>throw_blur_0.png</string>
			<key>sourceTree</key>
			<string>&lt;group&gt;</string>
		</dict>
		<key>26A531E5195D834400B95196</key>
		<dict>
			<key>fileEncoding</key>
			<string>4</string>
			<key>isa</key>
			<string>PBXFileReference</string>
			<key>lastKnownFileType</key>
			<string>text</string>
			<key>path</key>
			<string>Copyright_Information_Please_Read.txt</string>
			<key>sourceTree</key>
			<string>&lt;group&gt;</string>
		</dict>
		<key>26A531E6195D834400B95196</key>
		<dict>
			<key>children</key>
			<array>
				<string>26A531E7195D834400B95196</string>
				<string>26A531E8195D834400B95196</string>
				<string>26A531E9195D834400B95196</string>
				<string>26A531EA195D834400B95196</string>
				<string>26A531EB195D834400B95196</string>
				<string>26A531EC195D834400B95196</string>
			</array>
			<key>isa</key>
			<string>PBXGroup</string>
			<key>path</key>
			<string>feet</string>
			<key>sourceTree</key>
			<string>&lt;group&gt;</string>
		</dict>
		<key>26A531E7195D834400B95196</key>
		<dict>
			<key>isa</key>
			<string>PBXFileReference</string>
			<key>lastKnownFileType</key>
			<string>image.png</string>
			<key>path</key>
			<string>p_foot_hit_a.png</string>
			<key>sourceTree</key>
			<string>&lt;group&gt;</string>
		</dict>
		<key>26A531E8195D834400B95196</key>
		<dict>
			<key>isa</key>
			<string>PBXFileReference</string>
			<key>lastKnownFileType</key>
			<string>image.png</string>
			<key>path</key>
			<string>p_foot_hot_0.png</string>
			<key>sourceTree</key>
			<string>&lt;group&gt;</string>
		</dict>
		<key>26A531E9195D834400B95196</key>
		<dict>
			<key>isa</key>
			<string>PBXFileReference</string>
			<key>lastKnownFileType</key>
			<string>image.png</string>
			<key>path</key>
			<string>p_foot_idle_0.png</string>
			<key>sourceTree</key>
			<string>&lt;group&gt;</string>
		</dict>
		<key>26A531EA195D834400B95196</key>
		<dict>
			<key>isa</key>
			<string>PBXFileReference</string>
			<key>lastKnownFileType</key>
			<string>image.png</string>
			<key>path</key>
			<string>p_foot_jump_0.png</string>
			<key>sourceTree</key>
			<string>&lt;group&gt;</string>
		</dict>
		<key>26A531EB195D834400B95196</key>
		<dict>
			<key>isa</key>
			<string>PBXFileReference</string>
			<key>lastKnownFileType</key>
			<string>image.png</string>
			<key>path</key>
			<string>p_foot_walk_0.png</string>
			<key>sourceTree</key>
			<string>&lt;group&gt;</string>
		</dict>
		<key>26A531EC195D834400B95196</key>
		<dict>
			<key>isa</key>
			<string>PBXFileReference</string>
			<key>lastKnownFileType</key>
			<string>image.png</string>
			<key>path</key>
			<string>p_foot_walk_a.png</string>
			<key>sourceTree</key>
			<string>&lt;group&gt;</string>
		</dict>
		<key>26A531ED195D834400B95196</key>
		<dict>
			<key>children</key>
			<array>
				<string>26A531EE195D834400B95196</string>
			</array>
			<key>isa</key>
			<string>PBXGroup</string>
			<key>path</key>
			<string>guns</string>
			<key>sourceTree</key>
			<string>&lt;group&gt;</string>
		</dict>
		<key>26A531EE195D834400B95196</key>
		<dict>
			<key>isa</key>
			<string>PBXFileReference</string>
			<key>lastKnownFileType</key>
			<string>image.png</string>
			<key>path</key>
			<string>hand-gun.png</string>
			<key>sourceTree</key>
			<string>&lt;group&gt;</string>
		</dict>
		<key>26A531EF195D834400B95196</key>
		<dict>
			<key>children</key>
			<array>
				<string>26A531F0195D834400B95196</string>
				<string>26A531F1195D834400B95196</string>
				<string>26A531F2195D834400B95196</string>
				<string>26A531F3195D834400B95196</string>
				<string>26A531F4195D834400B95196</string>
				<string>26A531F5195D834400B95196</string>
				<string>26A531F6195D834400B95196</string>
				<string>26A531F7195D834400B95196</string>
				<string>26A531F8195D834400B95196</string>
				<string>26A531F9195D834400B95196</string>
				<string>26A531FA195D834400B95196</string>
				<string>26A531FB195D834400B95196</string>
				<string>26A531FC195D834400B95196</string>
				<string>26A531FD195D834400B95196</string>
				<string>26A531FE195D834400B95196</string>
				<string>26A531FF195D834400B95196</string>
				<string>26A53200195D834400B95196</string>
				<string>26A53201195D834400B95196</string>
				<string>26A53202195D834400B95196</string>
				<string>26A53203195D834400B95196</string>
				<string>26A53204195D834400B95196</string>
				<string>26A53205195D834400B95196</string>
				<string>26A53206195D834400B95196</string>
				<string>26A53207195D834400B95196</string>
			</array>
			<key>isa</key>
			<string>PBXGroup</string>
			<key>path</key>
			<string>hands</string>
			<key>sourceTree</key>
			<string>&lt;group&gt;</string>
		</dict>
		<key>26A531F0195D834400B95196</key>
		<dict>
			<key>isa</key>
			<string>PBXFileReference</string>
			<key>lastKnownFileType</key>
			<string>image.png</string>
			<key>path</key>
			<string>p_hand_1.png</string>
			<key>sourceTree</key>
			<string>&lt;group&gt;</string>
		</dict>
		<key>26A531F1195D834400B95196</key>
		<dict>
			<key>isa</key>
			<string>PBXFileReference</string>
			<key>lastKnownFileType</key>
			<string>image.png</string>
			<key>path</key>
			<string>p_hand_2.png</string>
			<key>sourceTree</key>
			<string>&lt;group&gt;</string>
		</dict>
		<key>26A531F2195D834400B95196</key>
		<dict>
			<key>isa</key>
			<string>PBXFileReference</string>
			<key>lastKnownFileType</key>
			<string>image.png</string>
			<key>path</key>
			<string>p_hand_a.png</string>
			<key>sourceTree</key>
			<string>&lt;group&gt;</string>
		</dict>
		<key>26A531F3195D834400B95196</key>
		<dict>
			<key>isa</key>
			<string>PBXFileReference</string>
			<key>lastKnownFileType</key>
			<string>image.png</string>
			<key>path</key>
			<string>p_hand_a_edge.png</string>
			<key>sourceTree</key>
			<string>&lt;group&gt;</string>
		</dict>
		<key>26A531F4195D834400B95196</key>
		<dict>
			<key>isa</key>
			<string>PBXFileReference</string>
			<key>lastKnownFileType</key>
			<string>image.png</string>
			<key>path</key>
			<string>p_hand_b.png</string>
			<key>sourceTree</key>
			<string>&lt;group&gt;</string>
		</dict>
		<key>26A531F5195D834400B95196</key>
		<dict>
			<key>isa</key>
			<string>PBXFileReference</string>
			<key>lastKnownFileType</key>
			<string>image.png</string>
			<key>path</key>
			<string>p_hand_c.png</string>
			<key>sourceTree</key>
			<string>&lt;group&gt;</string>
		</dict>
		<key>26A531F6195D834400B95196</key>
		<dict>
			<key>isa</key>
			<string>PBXFileReference</string>
			<key>lastKnownFileType</key>
			<string>image.png</string>
			<key>path</key>
			<string>p_hand_edge_0.png</string>
			<key>sourceTree</key>
			<string>&lt;group&gt;</string>
		</dict>
		<key>26A531F7195D834400B95196</key>
		<dict>
			<key>isa</key>
			<string>PBXFileReference</string>
			<key>lastKnownFileType</key>
			<string>image.png</string>
			<key>path</key>
			<string>p_hand_float_0.png</string>
			<key>sourceTree</key>
			<string>&lt;group&gt;</string>
		</dict>
		<key>26A531F8195D834400B95196</key>
		<dict>
			<key>isa</key>
			<string>PBXFileReference</string>
			<key>lastKnownFileType</key>
			<string>image.png</string>
			<key>path</key>
			<string>p_hand_hang_0.png</string>
			<key>sourceTree</key>
			<string>&lt;group&gt;</string>
		</dict>
		<key>26A531F9195D834400B95196</key>
		<dict>
			<key>isa</key>
			<string>PBXFileReference</string>
			<key>lastKnownFileType</key>
			<string>image.png</string>
			<key>path</key>
			<string>p_hand_hang_1.png</string>
			<key>sourceTree</key>
			<string>&lt;group&gt;</string>
		</dict>
		<key>26A531FA195D834400B95196</key>
		<dict>
			<key>isa</key>
			<string>PBXFileReference</string>
			<key>lastKnownFileType</key>
			<string>image.png</string>
			<key>path</key>
			<string>p_hand_hang_a.png</string>
			<key>sourceTree</key>
			<string>&lt;group&gt;</string>
		</dict>
		<key>26A531FB195D834400B95196</key>
		<dict>
			<key>isa</key>
			<string>PBXFileReference</string>
			<key>lastKnownFileType</key>
			<string>image.png</string>
			<key>path</key>
			<string>p_hand_hit_0.png</string>
			<key>sourceTree</key>
			<string>&lt;group&gt;</string>
		</dict>
		<key>26A531FC195D834400B95196</key>
		<dict>
			<key>isa</key>
			<string>PBXFileReference</string>
			<key>lastKnownFileType</key>
			<string>image.png</string>
			<key>path</key>
			<string>p_hand_hit_a.png</string>
			<key>sourceTree</key>
			<string>&lt;group&gt;</string>
		</dict>
		<key>26A531FD195D834400B95196</key>
		<dict>
			<key>isa</key>
			<string>PBXFileReference</string>
			<key>lastKnownFileType</key>
			<string>image.png</string>
			<key>path</key>
			<string>p_hand_idle_0.png</string>
			<key>sourceTree</key>
			<string>&lt;group&gt;</string>
		</dict>
		<key>26A531FE195D834400B95196</key>
		<dict>
			<key>isa</key>
			<string>PBXFileReference</string>
			<key>lastKnownFileType</key>
			<string>image.png</string>
			<key>path</key>
			<string>p_hand_jump_0.png</string>
			<key>sourceTree</key>
			<string>&lt;group&gt;</string>
		</dict>
		<key>26A531FF195D834400B95196</key>
		<dict>
			<key>isa</key>
			<string>PBXFileReference</string>
			<key>lastKnownFileType</key>
			<string>image.png</string>
			<key>path</key>
			<string>p_hand_jump_a.png</string>
			<key>sourceTree</key>
			<string>&lt;group&gt;</string>
		</dict>
		<key>26A53200195D834400B95196</key>
		<dict>
			<key>isa</key>
			<string>PBXFileReference</string>
			<key>lastKnownFileType</key>
			<string>image.png</string>
			<key>path</key>
			<string>p_hand_prepunch_0.png</string>
			<key>sourceTree</key>
			<string>&lt;group&gt;</string>
		</dict>
		<key>26A53201195D834400B95196</key>
		<dict>
			<key>isa</key>
			<string>PBXFileReference</string>
			<key>lastKnownFileType</key>
			<string>image.png</string>
			<key>path</key>
			<string>p_hand_prepunch_x.png</string>
			<key>sourceTree</key>
			<string>&lt;group&gt;</string>
		</dict>
		<key>26A53202195D834400B95196</key>
		<dict>
			<key>isa</key>
			<string>PBXFileReference</string>
			<key>lastKnownFileType</key>
			<string>image.png</string>
			<key>path</key>
			<string>p_hand_punch_0.png</string>
			<key>sourceTree</key>
			<string>&lt;group&gt;</string>
		</dict>
		<key>26A53203195D834400B95196</key>
		<dict>
			<key>isa</key>
			<string>PBXFileReference</string>
			<key>lastKnownFileType</key>
			<string>image.png</string>
			<key>path</key>
			<string>p_hand_push_0.png</string>
			<key>sourceTree</key>
			<string>&lt;group&gt;</string>
		</dict>
		<key>26A53204195D834400B95196</key>
		<dict>
			<key>isa</key>
			<string>PBXFileReference</string>
			<key>lastKnownFileType</key>
			<string>image.png</string>
			<key>path</key>
			<string>p_hand_push_a.png</string>
			<key>sourceTree</key>
			<string>&lt;group&gt;</string>
		</dict>
		<key>26A53205195D834400B95196</key>
		<dict>
			<key>isa</key>
			<string>PBXFileReference</string>
			<key>lastKnownFileType</key>
			<string>image.png</string>
			<key>path</key>
			<string>p_hand_slide_0.png</string>
			<key>sourceTree</key>
			<string>&lt;group&gt;</string>
		</dict>
		<key>26A53206195D834400B95196</key>
		<dict>
			<key>isa</key>
			<string>PBXFileReference</string>
			<key>lastKnownFileType</key>
			<string>image.png</string>
			<key>path</key>
			<string>p_hand_throw_0.png</string>
			<key>sourceTree</key>
			<string>&lt;group&gt;</string>
		</dict>
		<key>26A53207195D834400B95196</key>
		<dict>
			<key>isa</key>
			<string>PBXFileReference</string>
			<key>lastKnownFileType</key>
			<string>image.png</string>
			<key>path</key>
			<string>p_punch_blur.png</string>
			<key>sourceTree</key>
			<string>&lt;group&gt;</string>
		</dict>
		<key>26A53208195D834400B95196</key>
		<dict>
			<key>children</key>
			<array>
				<string>26A53209195D834400B95196</string>
				<string>26A5320A195D834400B95196</string>
				<string>26A5320B195D834400B95196</string>
				<string>26A5320C195D834400B95196</string>
				<string>26A5320D195D834400B95196</string>
				<string>26A5320E195D834400B95196</string>
				<string>26A5320F195D834400B95196</string>
				<string>26A53210195D834400B95196</string>
				<string>26A53211195D834400B95196</string>
				<string>26A53212195D834400B95196</string>
				<string>26A53213195D834400B95196</string>
				<string>26A53214195D834400B95196</string>
				<string>26A53215195D834400B95196</string>
			</array>
			<key>isa</key>
			<string>PBXGroup</string>
			<key>path</key>
			<string>head</string>
			<key>sourceTree</key>
			<string>&lt;group&gt;</string>
		</dict>
		<key>26A53209195D834400B95196</key>
		<dict>
			<key>isa</key>
			<string>PBXFileReference</string>
			<key>lastKnownFileType</key>
			<string>image.png</string>
			<key>path</key>
			<string>p_head_blink_0.png</string>
			<key>sourceTree</key>
			<string>&lt;group&gt;</string>
		</dict>
		<key>26A5320A195D834400B95196</key>
		<dict>
			<key>isa</key>
			<string>PBXFileReference</string>
			<key>lastKnownFileType</key>
			<string>image.png</string>
			<key>path</key>
			<string>p_head_blink_1.png</string>
			<key>sourceTree</key>
			<string>&lt;group&gt;</string>
		</dict>
		<key>26A5320B195D834400B95196</key>
		<dict>
			<key>isa</key>
			<string>PBXFileReference</string>
			<key>lastKnownFileType</key>
			<string>image.png</string>
			<key>path</key>
			<string>p_head_concern.png</string>
			<key>sourceTree</key>
			<string>&lt;group&gt;</string>
		</dict>
		<key>26A5320C195D834400B95196</key>
		<dict>
			<key>isa</key>
			<string>PBXFileReference</string>
			<key>lastKnownFileType</key>
			<string>image.png</string>
			<key>path</key>
			<string>p_head_concern_blink_0.png</string>
			<key>sourceTree</key>
			<string>&lt;group&gt;</string>
		</dict>
		<key>26A5320D195D834400B95196</key>
		<dict>
			<key>isa</key>
			<string>PBXFileReference</string>
			<key>lastKnownFileType</key>
			<string>image.png</string>
			<key>path</key>
			<string>p_head_concern_blink_1.png</string>
			<key>sourceTree</key>
			<string>&lt;group&gt;</string>
		</dict>
		<key>26A5320E195D834400B95196</key>
		<dict>
			<key>isa</key>
			<string>PBXFileReference</string>
			<key>lastKnownFileType</key>
			<string>image.png</string>
			<key>path</key>
			<string>p_head_die.png</string>
			<key>sourceTree</key>
			<string>&lt;group&gt;</string>
		</dict>
		<key>26A5320F195D834400B95196</key>
		<dict>
			<key>isa</key>
			<string>PBXFileReference</string>
			<key>lastKnownFileType</key>
			<string>image.png</string>
			<key>path</key>
			<string>p_head_hurt.png</string>
			<key>sourceTree</key>
			<string>&lt;group&gt;</string>
		</dict>
		<key>26A53210195D834400B95196</key>
		<dict>
			<key>isa</key>
			<string>PBXFileReference</string>
			<key>lastKnownFileType</key>
			<string>image.png</string>
			<key>path</key>
			<string>p_head_idle.png</string>
			<key>sourceTree</key>
			<string>&lt;group&gt;</string>
		</dict>
		<key>26A53211195D834400B95196</key>
		<dict>
			<key>isa</key>
			<string>PBXFileReference</string>
			<key>lastKnownFileType</key>
			<string>image.png</string>
			<key>path</key>
			<string>p_head_idle_blink_0.png</string>
			<key>sourceTree</key>
			<string>&lt;group&gt;</string>
		</dict>
		<key>26A53212195D834400B95196</key>
		<dict>
			<key>isa</key>
			<string>PBXFileReference</string>
			<key>lastKnownFileType</key>
			<string>image.png</string>
			<key>path</key>
			<string>p_head_idle_blink_1.png</string>
			<key>sourceTree</key>
			<string>&lt;group&gt;</string>
		</dict>
		<key>26A53213195D834400B95196</key>
		<dict>
			<key>isa</key>
			<string>PBXFileReference</string>
			<key>lastKnownFileType</key>
			<string>image.png</string>
			<key>path</key>
			<string>p_head_push.png</string>
			<key>sourceTree</key>
			<string>&lt;group&gt;</string>
		</dict>
		<key>26A53214195D834400B95196</key>
		<dict>
			<key>isa</key>
			<string>PBXFileReference</string>
			<key>lastKnownFileType</key>
			<string>image.png</string>
			<key>path</key>
			<string>p_head_turn_0.png</string>
			<key>sourceTree</key>
			<string>&lt;group&gt;</string>
		</dict>
		<key>26A53215195D834400B95196</key>
		<dict>
			<key>isa</key>
			<string>PBXFileReference</string>
			<key>lastKnownFileType</key>
			<string>image.png</string>
			<key>path</key>
			<string>p_head_walk.png</string>
			<key>sourceTree</key>
			<string>&lt;group&gt;</string>
		</dict>
		<key>26A53216195D834400B95196</key>
		<dict>
			<key>children</key>
			<array>
				<string>26A53217195D834400B95196</string>
				<string>26A53218195D834400B95196</string>
				<string>26A53219195D834400B95196</string>
				<string>26A5321A195D834400B95196</string>
				<string>26A5321B195D834400B95196</string>
				<string>26A5321C195D834400B95196</string>
				<string>26A5321D195D834400B95196</string>
				<string>26A5321E195D834400B95196</string>
				<string>26A5321F195D834400B95196</string>
			</array>
			<key>isa</key>
			<string>PBXGroup</string>
			<key>path</key>
			<string>legs</string>
			<key>sourceTree</key>
			<string>&lt;group&gt;</string>
		</dict>
		<key>26A53217195D834400B95196</key>
		<dict>
			<key>isa</key>
			<string>PBXFileReference</string>
			<key>lastKnownFileType</key>
			<string>image.png</string>
			<key>path</key>
			<string>p_leg_a.png</string>
			<key>sourceTree</key>
			<string>&lt;group&gt;</string>
		</dict>
		<key>26A53218195D834400B95196</key>
		<dict>
			<key>isa</key>
			<string>PBXFileReference</string>
			<key>lastKnownFileType</key>
			<string>image.png</string>
			<key>path</key>
			<string>p_leg_idle_0.png</string>
			<key>sourceTree</key>
			<string>&lt;group&gt;</string>
		</dict>
		<key>26A53219195D834400B95196</key>
		<dict>
			<key>isa</key>
			<string>PBXFileReference</string>
			<key>lastKnownFileType</key>
			<string>image.png</string>
			<key>path</key>
			<string>p_leg_walk_0.png</string>
			<key>sourceTree</key>
			<string>&lt;group&gt;</string>
		</dict>
		<key>26A5321A195D834400B95196</key>
		<dict>
			<key>isa</key>
			<string>PBXFileReference</string>
			<key>lastKnownFileType</key>
			<string>image.png</string>
			<key>path</key>
			<string>p_pelvis_die.png</string>
			<key>sourceTree</key>
			<string>&lt;group&gt;</string>
		</dict>
		<key>26A5321B195D834400B95196</key>
		<dict>
			<key>isa</key>
			<string>PBXFileReference</string>
			<key>lastKnownFileType</key>
			<string>image.png</string>
			<key>path</key>
			<string>p_pelvis_idle.png</string>
			<key>sourceTree</key>
			<string>&lt;group&gt;</string>
		</dict>
		<key>26A5321C195D834400B95196</key>
		<dict>
			<key>isa</key>
			<string>PBXFileReference</string>
			<key>lastKnownFileType</key>
			<string>image.png</string>
			<key>path</key>
			<string>p_pelvis_walk.png</string>
			<key>sourceTree</key>
			<string>&lt;group&gt;</string>
		</dict>
		<key>26A5321D195D834400B95196</key>
		<dict>
			<key>isa</key>
			<string>PBXFileReference</string>
			<key>lastKnownFileType</key>
			<string>image.png</string>
			<key>path</key>
			<string>p_thigh_a.png</string>
			<key>sourceTree</key>
			<string>&lt;group&gt;</string>
		</dict>
		<key>26A5321E195D834400B95196</key>
		<dict>
			<key>isa</key>
			<string>PBXFileReference</string>
			<key>lastKnownFileType</key>
			<string>image.png</string>
			<key>path</key>
			<string>p_thigh_idle_0.png</string>
			<key>sourceTree</key>
			<string>&lt;group&gt;</string>
		</dict>
		<key>26A5321F195D834400B95196</key>
		<dict>
			<key>isa</key>
			<string>PBXFileReference</string>
			<key>lastKnownFileType</key>
			<string>image.png</string>
			<key>path</key>
			<string>p_thigh_walk_0.png</string>
			<key>sourceTree</key>
			<string>&lt;group&gt;</string>
		</dict>
		<key>26A53220195D834400B95196</key>
		<dict>
			<key>fileEncoding</key>
			<string>4</string>
			<key>isa</key>
			<string>PBXFileReference</string>
			<key>lastKnownFileType</key>
			<string>text.xml</string>
			<key>path</key>
			<string>player.scml</string>
			<key>sourceTree</key>
			<string>&lt;group&gt;</string>
		</dict>
		<key>26A53222195D834400B95196</key>
		<dict>
			<key>children</key>
			<array>
				<string>26A53223195D834400B95196</string>
				<string>26A53224195D834400B95196</string>
				<string>26A53225195D834400B95196</string>
				<string>26A53226195D834400B95196</string>
				<string>26A53227195D834400B95196</string>
			</array>
			<key>isa</key>
			<string>PBXGroup</string>
			<key>path</key>
			<string>torso</string>
			<key>sourceTree</key>
			<string>&lt;group&gt;</string>
		</dict>
		<key>26A53223195D834400B95196</key>
		<dict>
			<key>isa</key>
			<string>PBXFileReference</string>
			<key>lastKnownFileType</key>
			<string>image.png</string>
			<key>path</key>
			<string>p_torso_front.png</string>
			<key>sourceTree</key>
			<string>&lt;group&gt;</string>
		</dict>
		<key>26A53224195D834400B95196</key>
		<dict>
			<key>isa</key>
			<string>PBXFileReference</string>
			<key>lastKnownFileType</key>
			<string>image.png</string>
			<key>path</key>
			<string>p_torso_idle.png</string>
			<key>sourceTree</key>
			<string>&lt;group&gt;</string>
		</dict>
		<key>26A53225195D834400B95196</key>
		<dict>
			<key>isa</key>
			<string>PBXFileReference</string>
			<key>lastKnownFileType</key>
			<string>image.png</string>
			<key>path</key>
			<string>p_torso_jump.png</string>
			<key>sourceTree</key>
			<string>&lt;group&gt;</string>
		</dict>
		<key>26A53226195D834400B95196</key>
		<dict>
			<key>isa</key>
			<string>PBXFileReference</string>
			<key>lastKnownFileType</key>
			<string>image.png</string>
			<key>path</key>
			<string>p_torso_punch_0.png</string>
			<key>sourceTree</key>
			<string>&lt;group&gt;</string>
		</dict>
		<key>26A53227195D834400B95196</key>
		<dict>
			<key>isa</key>
			<string>PBXFileReference</string>
			<key>lastKnownFileType</key>
			<string>image.png</string>
			<key>path</key>
			<string>p_torso_walk.png</string>
			<key>sourceTree</key>
			<string>&lt;group&gt;</string>
		</dict>
		<key>26A53228195D834400B95196</key>
		<dict>
			<key>fileRef</key>
			<string>26A531D9195D834400B95196</string>
			<key>isa</key>
			<string>PBXBuildFile</string>
		</dict>
		<key>26A53229195D834400B95196</key>
		<dict>
			<key>fileRef</key>
			<string>26A531DA195D834400B95196</string>
			<key>isa</key>
			<string>PBXBuildFile</string>
		</dict>
		<key>26A5322A195D834400B95196</key>
		<dict>
			<key>fileRef</key>
			<string>26A531DB195D834400B95196</string>
			<key>isa</key>
			<string>PBXBuildFile</string>
		</dict>
		<key>26A5322B195D834400B95196</key>
		<dict>
			<key>fileRef</key>
			<string>26A531DC195D834400B95196</string>
			<key>isa</key>
			<string>PBXBuildFile</string>
		</dict>
		<key>26A5322C195D834400B95196</key>
		<dict>
			<key>fileRef</key>
			<string>26A531DD195D834400B95196</string>
			<key>isa</key>
			<string>PBXBuildFile</string>
		</dict>
		<key>26A5322D195D834400B95196</key>
		<dict>
			<key>fileRef</key>
			<string>26A531DE195D834400B95196</string>
			<key>isa</key>
			<string>PBXBuildFile</string>
		</dict>
		<key>26A5322E195D834400B95196</key>
		<dict>
			<key>fileRef</key>
			<string>26A531DF195D834400B95196</string>
			<key>isa</key>
			<string>PBXBuildFile</string>
		</dict>
		<key>26A5322F195D834400B95196</key>
		<dict>
			<key>fileRef</key>
			<string>26A531E0195D834400B95196</string>
			<key>isa</key>
			<string>PBXBuildFile</string>
		</dict>
		<key>26A53230195D834400B95196</key>
		<dict>
			<key>fileRef</key>
			<string>26A531E1195D834400B95196</string>
			<key>isa</key>
			<string>PBXBuildFile</string>
		</dict>
		<key>26A53231195D834400B95196</key>
		<dict>
			<key>fileRef</key>
			<string>26A531E2195D834400B95196</string>
			<key>isa</key>
			<string>PBXBuildFile</string>
		</dict>
		<key>26A53232195D834400B95196</key>
		<dict>
			<key>fileRef</key>
			<string>26A531E3195D834400B95196</string>
			<key>isa</key>
			<string>PBXBuildFile</string>
		</dict>
		<key>26A53233195D834400B95196</key>
		<dict>
			<key>fileRef</key>
			<string>26A531E4195D834400B95196</string>
			<key>isa</key>
			<string>PBXBuildFile</string>
		</dict>
		<key>26A53234195D834400B95196</key>
		<dict>
			<key>fileRef</key>
			<string>26A531E5195D834400B95196</string>
			<key>isa</key>
			<string>PBXBuildFile</string>
		</dict>
		<key>26A53235195D834400B95196</key>
		<dict>
			<key>fileRef</key>
			<string>26A531E7195D834400B95196</string>
			<key>isa</key>
			<string>PBXBuildFile</string>
		</dict>
		<key>26A53236195D834400B95196</key>
		<dict>
			<key>fileRef</key>
			<string>26A531E8195D834400B95196</string>
			<key>isa</key>
			<string>PBXBuildFile</string>
		</dict>
		<key>26A53237195D834400B95196</key>
		<dict>
			<key>fileRef</key>
			<string>26A531E9195D834400B95196</string>
			<key>isa</key>
			<string>PBXBuildFile</string>
		</dict>
		<key>26A53238195D834400B95196</key>
		<dict>
			<key>fileRef</key>
			<string>26A531EA195D834400B95196</string>
			<key>isa</key>
			<string>PBXBuildFile</string>
		</dict>
		<key>26A53239195D834400B95196</key>
		<dict>
			<key>fileRef</key>
			<string>26A531EB195D834400B95196</string>
			<key>isa</key>
			<string>PBXBuildFile</string>
		</dict>
		<key>26A5323A195D834400B95196</key>
		<dict>
			<key>fileRef</key>
			<string>26A531EC195D834400B95196</string>
			<key>isa</key>
			<string>PBXBuildFile</string>
		</dict>
		<key>26A5323B195D834400B95196</key>
		<dict>
			<key>fileRef</key>
			<string>26A531EE195D834400B95196</string>
			<key>isa</key>
			<string>PBXBuildFile</string>
		</dict>
		<key>26A5323C195D834400B95196</key>
		<dict>
			<key>fileRef</key>
			<string>26A531F0195D834400B95196</string>
			<key>isa</key>
			<string>PBXBuildFile</string>
		</dict>
		<key>26A5323D195D834400B95196</key>
		<dict>
			<key>fileRef</key>
			<string>26A531F1195D834400B95196</string>
			<key>isa</key>
			<string>PBXBuildFile</string>
		</dict>
		<key>26A5323E195D834400B95196</key>
		<dict>
			<key>fileRef</key>
			<string>26A531F2195D834400B95196</string>
			<key>isa</key>
			<string>PBXBuildFile</string>
		</dict>
		<key>26A5323F195D834400B95196</key>
		<dict>
			<key>fileRef</key>
			<string>26A531F3195D834400B95196</string>
			<key>isa</key>
			<string>PBXBuildFile</string>
		</dict>
		<key>26A53240195D834400B95196</key>
		<dict>
			<key>fileRef</key>
			<string>26A531F4195D834400B95196</string>
			<key>isa</key>
			<string>PBXBuildFile</string>
		</dict>
		<key>26A53241195D834400B95196</key>
		<dict>
			<key>fileRef</key>
			<string>26A531F5195D834400B95196</string>
			<key>isa</key>
			<string>PBXBuildFile</string>
		</dict>
		<key>26A53242195D834400B95196</key>
		<dict>
			<key>fileRef</key>
			<string>26A531F6195D834400B95196</string>
			<key>isa</key>
			<string>PBXBuildFile</string>
		</dict>
		<key>26A53243195D834400B95196</key>
		<dict>
			<key>fileRef</key>
			<string>26A531F7195D834400B95196</string>
			<key>isa</key>
			<string>PBXBuildFile</string>
		</dict>
		<key>26A53244195D834400B95196</key>
		<dict>
			<key>fileRef</key>
			<string>26A531F8195D834400B95196</string>
			<key>isa</key>
			<string>PBXBuildFile</string>
		</dict>
		<key>26A53245195D834400B95196</key>
		<dict>
			<key>fileRef</key>
			<string>26A531F9195D834400B95196</string>
			<key>isa</key>
			<string>PBXBuildFile</string>
		</dict>
		<key>26A53246195D834400B95196</key>
		<dict>
			<key>fileRef</key>
			<string>26A531FA195D834400B95196</string>
			<key>isa</key>
			<string>PBXBuildFile</string>
		</dict>
		<key>26A53247195D834400B95196</key>
		<dict>
			<key>fileRef</key>
			<string>26A531FB195D834400B95196</string>
			<key>isa</key>
			<string>PBXBuildFile</string>
		</dict>
		<key>26A53248195D834400B95196</key>
		<dict>
			<key>fileRef</key>
			<string>26A531FC195D834400B95196</string>
			<key>isa</key>
			<string>PBXBuildFile</string>
		</dict>
		<key>26A53249195D834400B95196</key>
		<dict>
			<key>fileRef</key>
			<string>26A531FD195D834400B95196</string>
			<key>isa</key>
			<string>PBXBuildFile</string>
		</dict>
		<key>26A5324A195D834400B95196</key>
		<dict>
			<key>fileRef</key>
			<string>26A531FE195D834400B95196</string>
			<key>isa</key>
			<string>PBXBuildFile</string>
		</dict>
		<key>26A5324B195D834400B95196</key>
		<dict>
			<key>fileRef</key>
			<string>26A531FF195D834400B95196</string>
			<key>isa</key>
			<string>PBXBuildFile</string>
		</dict>
		<key>26A5324C195D834400B95196</key>
		<dict>
			<key>fileRef</key>
			<string>26A53200195D834400B95196</string>
			<key>isa</key>
			<string>PBXBuildFile</string>
		</dict>
		<key>26A5324D195D834400B95196</key>
		<dict>
			<key>fileRef</key>
			<string>26A53201195D834400B95196</string>
			<key>isa</key>
			<string>PBXBuildFile</string>
		</dict>
		<key>26A5324E195D834400B95196</key>
		<dict>
			<key>fileRef</key>
			<string>26A53202195D834400B95196</string>
			<key>isa</key>
			<string>PBXBuildFile</string>
		</dict>
		<key>26A5324F195D834400B95196</key>
		<dict>
			<key>fileRef</key>
			<string>26A53203195D834400B95196</string>
			<key>isa</key>
			<string>PBXBuildFile</string>
		</dict>
		<key>26A53250195D834400B95196</key>
		<dict>
			<key>fileRef</key>
			<string>26A53204195D834400B95196</string>
			<key>isa</key>
			<string>PBXBuildFile</string>
		</dict>
		<key>26A53251195D834400B95196</key>
		<dict>
			<key>fileRef</key>
			<string>26A53205195D834400B95196</string>
			<key>isa</key>
			<string>PBXBuildFile</string>
		</dict>
		<key>26A53252195D834400B95196</key>
		<dict>
			<key>fileRef</key>
			<string>26A53206195D834400B95196</string>
			<key>isa</key>
			<string>PBXBuildFile</string>
		</dict>
		<key>26A53253195D834400B95196</key>
		<dict>
			<key>fileRef</key>
			<string>26A53207195D834400B95196</string>
			<key>isa</key>
			<string>PBXBuildFile</string>
		</dict>
		<key>26A53254195D834400B95196</key>
		<dict>
			<key>fileRef</key>
			<string>26A53209195D834400B95196</string>
			<key>isa</key>
			<string>PBXBuildFile</string>
		</dict>
		<key>26A53255195D834400B95196</key>
		<dict>
			<key>fileRef</key>
			<string>26A5320A195D834400B95196</string>
			<key>isa</key>
			<string>PBXBuildFile</string>
		</dict>
		<key>26A53256195D834400B95196</key>
		<dict>
			<key>fileRef</key>
			<string>26A5320B195D834400B95196</string>
			<key>isa</key>
			<string>PBXBuildFile</string>
		</dict>
		<key>26A53257195D834400B95196</key>
		<dict>
			<key>fileRef</key>
			<string>26A5320C195D834400B95196</string>
			<key>isa</key>
			<string>PBXBuildFile</string>
		</dict>
		<key>26A53258195D834400B95196</key>
		<dict>
			<key>fileRef</key>
			<string>26A5320D195D834400B95196</string>
			<key>isa</key>
			<string>PBXBuildFile</string>
		</dict>
		<key>26A53259195D834400B95196</key>
		<dict>
			<key>fileRef</key>
			<string>26A5320E195D834400B95196</string>
			<key>isa</key>
			<string>PBXBuildFile</string>
		</dict>
		<key>26A5325A195D834400B95196</key>
		<dict>
			<key>fileRef</key>
			<string>26A5320F195D834400B95196</string>
			<key>isa</key>
			<string>PBXBuildFile</string>
		</dict>
		<key>26A5325B195D834400B95196</key>
		<dict>
			<key>fileRef</key>
			<string>26A53210195D834400B95196</string>
			<key>isa</key>
			<string>PBXBuildFile</string>
		</dict>
		<key>26A5325C195D834400B95196</key>
		<dict>
			<key>fileRef</key>
			<string>26A53211195D834400B95196</string>
			<key>isa</key>
			<string>PBXBuildFile</string>
		</dict>
		<key>26A5325D195D834400B95196</key>
		<dict>
			<key>fileRef</key>
			<string>26A53212195D834400B95196</string>
			<key>isa</key>
			<string>PBXBuildFile</string>
		</dict>
		<key>26A5325E195D834400B95196</key>
		<dict>
			<key>fileRef</key>
			<string>26A53213195D834400B95196</string>
			<key>isa</key>
			<string>PBXBuildFile</string>
		</dict>
		<key>26A5325F195D834400B95196</key>
		<dict>
			<key>fileRef</key>
			<string>26A53214195D834400B95196</string>
			<key>isa</key>
			<string>PBXBuildFile</string>
		</dict>
		<key>26A53260195D834400B95196</key>
		<dict>
			<key>fileRef</key>
			<string>26A53215195D834400B95196</string>
			<key>isa</key>
			<string>PBXBuildFile</string>
		</dict>
		<key>26A53261195D834400B95196</key>
		<dict>
			<key>fileRef</key>
			<string>26A53217195D834400B95196</string>
			<key>isa</key>
			<string>PBXBuildFile</string>
		</dict>
		<key>26A53262195D834400B95196</key>
		<dict>
			<key>fileRef</key>
			<string>26A53218195D834400B95196</string>
			<key>isa</key>
			<string>PBXBuildFile</string>
		</dict>
		<key>26A53263195D834400B95196</key>
		<dict>
			<key>fileRef</key>
			<string>26A53219195D834400B95196</string>
			<key>isa</key>
			<string>PBXBuildFile</string>
		</dict>
		<key>26A53264195D834400B95196</key>
		<dict>
			<key>fileRef</key>
			<string>26A5321A195D834400B95196</string>
			<key>isa</key>
			<string>PBXBuildFile</string>
		</dict>
		<key>26A53265195D834400B95196</key>
		<dict>
			<key>fileRef</key>
			<string>26A5321B195D834400B95196</string>
			<key>isa</key>
			<string>PBXBuildFile</string>
		</dict>
		<key>26A53266195D834400B95196</key>
		<dict>
			<key>fileRef</key>
			<string>26A5321C195D834400B95196</string>
			<key>isa</key>
			<string>PBXBuildFile</string>
		</dict>
		<key>26A53267195D834400B95196</key>
		<dict>
			<key>fileRef</key>
			<string>26A5321D195D834400B95196</string>
			<key>isa</key>
			<string>PBXBuildFile</string>
		</dict>
		<key>26A53268195D834400B95196</key>
		<dict>
			<key>fileRef</key>
			<string>26A5321E195D834400B95196</string>
			<key>isa</key>
			<string>PBXBuildFile</string>
		</dict>
		<key>26A53269195D834400B95196</key>
		<dict>
			<key>fileRef</key>
			<string>26A5321F195D834400B95196</string>
			<key>isa</key>
			<string>PBXBuildFile</string>
		</dict>
		<key>26A5326A195D834400B95196</key>
		<dict>
			<key>fileRef</key>
			<string>26A53220195D834400B95196</string>
			<key>isa</key>
			<string>PBXBuildFile</string>
		</dict>
		<key>26A5326C195D834400B95196</key>
		<dict>
			<key>fileRef</key>
			<string>26A53223195D834400B95196</string>
			<key>isa</key>
			<string>PBXBuildFile</string>
		</dict>
		<key>26A5326D195D834400B95196</key>
		<dict>
			<key>fileRef</key>
			<string>26A53224195D834400B95196</string>
			<key>isa</key>
			<string>PBXBuildFile</string>
		</dict>
		<key>26A5326E195D834400B95196</key>
		<dict>
			<key>fileRef</key>
			<string>26A53225195D834400B95196</string>
			<key>isa</key>
			<string>PBXBuildFile</string>
		</dict>
		<key>26A5326F195D834400B95196</key>
		<dict>
			<key>fileRef</key>
			<string>26A53226195D834400B95196</string>
			<key>isa</key>
			<string>PBXBuildFile</string>
		</dict>
		<key>26A53270195D834400B95196</key>
		<dict>
			<key>fileRef</key>
			<string>26A53227195D834400B95196</string>
			<key>isa</key>
			<string>PBXBuildFile</string>
		</dict>
		<key>26A8EA991980FDFE00A3B5D0</key>
		<dict>
			<key>fileEncoding</key>
			<string>4</string>
			<key>isa</key>
			<string>PBXFileReference</string>
			<key>lastKnownFileType</key>
			<string>sourcecode.c.h</string>
			<key>path</key>
			<string>ZOrderChanges.h</string>
			<key>sourceTree</key>
			<string>&lt;group&gt;</string>
		</dict>
		<key>26A8EA9A1980FDFE00A3B5D0</key>
		<dict>
			<key>fileEncoding</key>
			<string>4</string>
			<key>isa</key>
			<string>PBXFileReference</string>
			<key>lastKnownFileType</key>
			<string>sourcecode.c.objc</string>
			<key>path</key>
			<string>ZOrderChanges.m</string>
			<key>sourceTree</key>
			<string>&lt;group&gt;</string>
		</dict>
		<key>26A8EA9B1980FDFE00A3B5D0</key>
		<dict>
			<key>fileRef</key>
			<string>26A8EA9A1980FDFE00A3B5D0</string>
			<key>isa</key>
			<string>PBXBuildFile</string>
		</dict>
		<key>26CCE28C19766A8000D4EEC1</key>
		<dict>
			<key>fileEncoding</key>
			<string>4</string>
			<key>isa</key>
			<string>PBXFileReference</string>
			<key>lastKnownFileType</key>
			<string>sourcecode.c.h</string>
			<key>path</key>
			<string>SimpleMultiBoneAnimation.h</string>
			<key>sourceTree</key>
			<string>&lt;group&gt;</string>
		</dict>
		<key>26CCE28D19766A8000D4EEC1</key>
		<dict>
			<key>fileEncoding</key>
			<string>4</string>
			<key>isa</key>
			<string>PBXFileReference</string>
			<key>lastKnownFileType</key>
			<string>sourcecode.c.objc</string>
			<key>path</key>
			<string>SimpleMultiBoneAnimation.m</string>
			<key>sourceTree</key>
			<string>&lt;group&gt;</string>
		</dict>
		<key>26CCE28E19766A8000D4EEC1</key>
		<dict>
			<key>fileRef</key>
			<string>26CCE28D19766A8000D4EEC1</string>
			<key>isa</key>
			<string>PBXBuildFile</string>
		</dict>
		<key>26CFF8A0195ABE4E00510A9C</key>
		<dict>
			<key>children</key>
			<array>
				<string>26CFF8B4195ABE4E00510A9C</string>
				<string>26CFF8D8195ABE4E00510A9C</string>
				<string>26CFF8AB195ABE4E00510A9C</string>
				<string>26CFF8AA195ABE4E00510A9C</string>
				<string>F8E97C84B784AF302FAF7A28</string>
			</array>
			<key>isa</key>
			<string>PBXGroup</string>
			<key>sourceTree</key>
			<string>&lt;group&gt;</string>
		</dict>
		<key>26CFF8A1195ABE4E00510A9C</key>
		<dict>
			<key>attributes</key>
			<dict>
				<key>LastUpgradeCheck</key>
				<string>0510</string>
				<key>ORGANIZATIONNAME</key>
				<string>indie-Software</string>
				<key>TargetAttributes</key>
				<dict>
					<key>26CFF8D0195ABE4E00510A9C</key>
					<dict>
						<key>TestTargetID</key>
						<string>26CFF8A8195ABE4E00510A9C</string>
					</dict>
				</dict>
			</dict>
			<key>buildConfigurationList</key>
			<string>26CFF8A4195ABE4E00510A9C</string>
			<key>compatibilityVersion</key>
			<string>Xcode 3.2</string>
			<key>developmentRegion</key>
			<string>English</string>
			<key>hasScannedForEncodings</key>
			<string>0</string>
			<key>isa</key>
			<string>PBXProject</string>
			<key>knownRegions</key>
			<array>
				<string>en</string>
				<string>Base</string>
			</array>
			<key>mainGroup</key>
			<string>26CFF8A0195ABE4E00510A9C</string>
			<key>productRefGroup</key>
			<string>26CFF8AA195ABE4E00510A9C</string>
			<key>projectDirPath</key>
			<string></string>
			<key>projectReferences</key>
			<array/>
			<key>projectRoot</key>
			<string></string>
			<key>targets</key>
			<array>
				<string>26CFF8A8195ABE4E00510A9C</string>
				<string>26CFF8D0195ABE4E00510A9C</string>
			</array>
		</dict>
		<key>26CFF8A4195ABE4E00510A9C</key>
		<dict>
			<key>buildConfigurations</key>
			<array>
				<string>26CFF8E0195ABE4E00510A9C</string>
				<string>26CFF8E1195ABE4E00510A9C</string>
			</array>
			<key>defaultConfigurationIsVisible</key>
			<string>0</string>
			<key>defaultConfigurationName</key>
			<string>Release</string>
			<key>isa</key>
			<string>XCConfigurationList</string>
		</dict>
		<key>26CFF8A5195ABE4E00510A9C</key>
		<dict>
			<key>buildActionMask</key>
			<string>2147483647</string>
			<key>files</key>
			<array>
				<string>26CFF8C5195ABE4E00510A9C</string>
				<string>2615AEC91972DCD000E81AB5</string>
				<string>26A3B783197E6E1400F9854A</string>
				<string>26A44D241972882C00046422</string>
				<string>265CB53C1973E3980069B105</string>
				<string>26A8EA9B1980FDFE00A3B5D0</string>
				<string>26E1C39C197FF52800B7585E</string>
				<string>26CFF8BF195ABE4E00510A9C</string>
				<string>26EEF5C4197555A500B87E3F</string>
				<string>26A44D341972A2E400046422</string>
				<string>26A44D371972C44400046422</string>
				<string>26A44D2A197293A100046422</string>
				<string>26A44D2D1972958D00046422</string>
				<string>26E1C39F197FFC4E00B7585E</string>
				<string>26CFF8BB195ABE4E00510A9C</string>
				<string>26A44D27197291EF00046422</string>
				<string>26EEF5C1197548B900B87E3F</string>
				<string>26A44D3019729B5300046422</string>
				<string>26CCE28E19766A8000D4EEC1</string>
				<string>26EEF5BE197543D800B87E3F</string>
				<string>2615AEC81972DCD000E81AB5</string>
				<string>26CFF8EB195AC00F00510A9C</string>
			</array>
			<key>isa</key>
			<string>PBXSourcesBuildPhase</string>
			<key>runOnlyForDeploymentPostprocessing</key>
			<string>0</string>
		</dict>
		<key>26CFF8A6195ABE4E00510A9C</key>
		<dict>
			<key>buildActionMask</key>
			<string>2147483647</string>
			<key>files</key>
			<array>
				<string>26CFF8AF195ABE4E00510A9C</string>
				<string>26CFF8B1195ABE4E00510A9C</string>
				<string>26CFF8B3195ABE4E00510A9C</string>
				<string>26CFF8AD195ABE4E00510A9C</string>
				<string>83A229583A274AE0AC817833</string>
			</array>
			<key>isa</key>
			<string>PBXFrameworksBuildPhase</string>
			<key>runOnlyForDeploymentPostprocessing</key>
			<string>0</string>
		</dict>
		<key>26CFF8A7195ABE4E00510A9C</key>
		<dict>
			<key>buildActionMask</key>
			<string>2147483647</string>
			<key>files</key>
			<array>
				<string>26A53244195D834400B95196</string>
				<string>26A5322D195D834400B95196</string>
				<string>26A53251195D834400B95196</string>
				<string>26A5323E195D834400B95196</string>
				<string>26A5326E195D834400B95196</string>
				<string>26A53266195D834400B95196</string>
				<string>26A53250195D834400B95196</string>
				<string>26A5326F195D834400B95196</string>
				<string>26A53234195D834400B95196</string>
				<string>26A5324B195D834400B95196</string>
				<string>26A53247195D834400B95196</string>
				<string>26A5322B195D834400B95196</string>
				<string>26A53253195D834400B95196</string>
				<string>26A5323D195D834400B95196</string>
				<string>26A5323B195D834400B95196</string>
				<string>26A53240195D834400B95196</string>
				<string>26CFF8B9195ABE4E00510A9C</string>
				<string>26A53265195D834400B95196</string>
				<string>26A5324C195D834400B95196</string>
				<string>26A53260195D834400B95196</string>
				<string>26A5322C195D834400B95196</string>
				<string>26A53258195D834400B95196</string>
				<string>26CFF90C195AC7E800510A9C</string>
				<string>26A5322E195D834400B95196</string>
				<string>26A53252195D834400B95196</string>
				<string>26A53269195D834400B95196</string>
				<string>26A5324D195D834400B95196</string>
				<string>26A53262195D834400B95196</string>
				<string>26A53254195D834400B95196</string>
				<string>26A53267195D834400B95196</string>
				<string>26A5326C195D834400B95196</string>
				<string>26A53236195D834400B95196</string>
				<string>26A53263195D834400B95196</string>
				<string>26A5322A195D834400B95196</string>
				<string>26A5325D195D834400B95196</string>
				<string>26A5323A195D834400B95196</string>
				<string>26A53243195D834400B95196</string>
				<string>26A5325B195D834400B95196</string>
				<string>26A53230195D834400B95196</string>
				<string>26A53241195D834400B95196</string>
				<string>26CFF8CC195ABE4E00510A9C</string>
				<string>26A53242195D834400B95196</string>
				<string>26A5326D195D834400B95196</string>
				<string>26A53228195D834400B95196</string>
				<string>26A5323F195D834400B95196</string>
				<string>26A53268195D834400B95196</string>
				<string>26A53239195D834400B95196</string>
				<string>26A5324E195D834400B95196</string>
				<string>26A5324A195D834400B95196</string>
				<string>26A53270195D834400B95196</string>
				<string>26A53232195D834400B95196</string>
				<string>26A53261195D834400B95196</string>
				<string>26A44D211972880D00046422</string>
				<string>26A5322F195D834400B95196</string>
				<string>26A5325A195D834400B95196</string>
				<string>26A5323C195D834400B95196</string>
				<string>26A5325F195D834400B95196</string>
				<string>26A5325C195D834400B95196</string>
				<string>26A53255195D834400B95196</string>
				<string>26A53259195D834400B95196</string>
				<string>26A53231195D834400B95196</string>
				<string>26A53235195D834400B95196</string>
				<string>26A53238195D834400B95196</string>
				<string>26A53248195D834400B95196</string>
				<string>26A53257195D834400B95196</string>
				<string>26A53229195D834400B95196</string>
				<string>26A53264195D834400B95196</string>
				<string>26A53246195D834400B95196</string>
				<string>26A53256195D834400B95196</string>
				<string>26A5324F195D834400B95196</string>
				<string>26A5325E195D834400B95196</string>
				<string>26A53237195D834400B95196</string>
				<string>26A53249195D834400B95196</string>
				<string>26A53233195D834400B95196</string>
				<string>26A5326A195D834400B95196</string>
				<string>26CFF8C2195ABE4E00510A9C</string>
				<string>26A53245195D834400B95196</string>
			</array>
			<key>isa</key>
			<string>PBXResourcesBuildPhase</string>
			<key>runOnlyForDeploymentPostprocessing</key>
			<string>0</string>
		</dict>
		<key>26CFF8A8195ABE4E00510A9C</key>
		<dict>
			<key>buildConfigurationList</key>
			<string>26CFF8E2195ABE4E00510A9C</string>
			<key>buildPhases</key>
			<array>
				<string>E7377DF830A247CB9D8CA1EB</string>
				<string>26CFF8A5195ABE4E00510A9C</string>
				<string>26CFF8A6195ABE4E00510A9C</string>
				<string>26CFF8A7195ABE4E00510A9C</string>
				<string>F5E57145EEA548F79DBE0CD1</string>
			</array>
			<key>buildRules</key>
			<array/>
			<key>dependencies</key>
			<array/>
			<key>isa</key>
			<string>PBXNativeTarget</string>
			<key>name</key>
			<string>INSpriterKitExample</string>
			<key>productName</key>
			<string>INSpriterKitExample</string>
			<key>productReference</key>
			<string>26CFF8A9195ABE4E00510A9C</string>
			<key>productType</key>
			<string>com.apple.product-type.application</string>
		</dict>
		<key>26CFF8A9195ABE4E00510A9C</key>
		<dict>
			<key>explicitFileType</key>
			<string>wrapper.application</string>
			<key>includeInIndex</key>
			<string>0</string>
			<key>isa</key>
			<string>PBXFileReference</string>
			<key>path</key>
			<string>INSpriterKitExample.app</string>
			<key>sourceTree</key>
			<string>BUILT_PRODUCTS_DIR</string>
		</dict>
		<key>26CFF8AA195ABE4E00510A9C</key>
		<dict>
			<key>children</key>
			<array>
				<string>26CFF8A9195ABE4E00510A9C</string>
				<string>26CFF8D1195ABE4E00510A9C</string>
			</array>
			<key>isa</key>
			<string>PBXGroup</string>
			<key>name</key>
			<string>Products</string>
			<key>sourceTree</key>
			<string>&lt;group&gt;</string>
		</dict>
		<key>26CFF8AB195ABE4E00510A9C</key>
		<dict>
			<key>children</key>
			<array>
				<string>26CFF8AC195ABE4E00510A9C</string>
				<string>26CFF8AE195ABE4E00510A9C</string>
				<string>26CFF8B0195ABE4E00510A9C</string>
				<string>26CFF8B2195ABE4E00510A9C</string>
				<string>26CFF8D2195ABE4E00510A9C</string>
				<string>5F1A18C01DC44B2CB98049E9</string>
			</array>
			<key>isa</key>
			<string>PBXGroup</string>
			<key>name</key>
			<string>Frameworks</string>
			<key>sourceTree</key>
			<string>&lt;group&gt;</string>
		</dict>
		<key>26CFF8AC195ABE4E00510A9C</key>
		<dict>
			<key>isa</key>
			<string>PBXFileReference</string>
			<key>lastKnownFileType</key>
			<string>wrapper.framework</string>
			<key>name</key>
			<string>Foundation.framework</string>
			<key>path</key>
			<string>System/Library/Frameworks/Foundation.framework</string>
			<key>sourceTree</key>
			<string>SDKROOT</string>
		</dict>
		<key>26CFF8AD195ABE4E00510A9C</key>
		<dict>
			<key>fileRef</key>
			<string>26CFF8AC195ABE4E00510A9C</string>
			<key>isa</key>
			<string>PBXBuildFile</string>
		</dict>
		<key>26CFF8AE195ABE4E00510A9C</key>
		<dict>
			<key>isa</key>
			<string>PBXFileReference</string>
			<key>lastKnownFileType</key>
			<string>wrapper.framework</string>
			<key>name</key>
			<string>CoreGraphics.framework</string>
			<key>path</key>
			<string>System/Library/Frameworks/CoreGraphics.framework</string>
			<key>sourceTree</key>
			<string>SDKROOT</string>
		</dict>
		<key>26CFF8AF195ABE4E00510A9C</key>
		<dict>
			<key>fileRef</key>
			<string>26CFF8AE195ABE4E00510A9C</string>
			<key>isa</key>
			<string>PBXBuildFile</string>
		</dict>
		<key>26CFF8B0195ABE4E00510A9C</key>
		<dict>
			<key>isa</key>
			<string>PBXFileReference</string>
			<key>lastKnownFileType</key>
			<string>wrapper.framework</string>
			<key>name</key>
			<string>UIKit.framework</string>
			<key>path</key>
			<string>System/Library/Frameworks/UIKit.framework</string>
			<key>sourceTree</key>
			<string>SDKROOT</string>
		</dict>
		<key>26CFF8B1195ABE4E00510A9C</key>
		<dict>
			<key>fileRef</key>
			<string>26CFF8B0195ABE4E00510A9C</string>
			<key>isa</key>
			<string>PBXBuildFile</string>
		</dict>
		<key>26CFF8B2195ABE4E00510A9C</key>
		<dict>
			<key>isa</key>
			<string>PBXFileReference</string>
			<key>lastKnownFileType</key>
			<string>wrapper.framework</string>
			<key>name</key>
			<string>SpriteKit.framework</string>
			<key>path</key>
			<string>System/Library/Frameworks/SpriteKit.framework</string>
			<key>sourceTree</key>
			<string>SDKROOT</string>
		</dict>
		<key>26CFF8B3195ABE4E00510A9C</key>
		<dict>
			<key>fileRef</key>
			<string>26CFF8B2195ABE4E00510A9C</string>
			<key>isa</key>
			<string>PBXBuildFile</string>
		</dict>
		<key>26CFF8B4195ABE4E00510A9C</key>
		<dict>
			<key>children</key>
			<array>
				<string>26CFF8EC195AC01B00510A9C</string>
				<string>26CFF907195AC7E800510A9C</string>
				<string>26CFF8ED195AC7A000510A9C</string>
				<string>26CFF8B5195ABE4E00510A9C</string>
			</array>
			<key>isa</key>
			<string>PBXGroup</string>
			<key>path</key>
			<string>INSpriterKitExample</string>
			<key>sourceTree</key>
			<string>&lt;group&gt;</string>
		</dict>
		<key>26CFF8B5195ABE4E00510A9C</key>
		<dict>
			<key>children</key>
			<array>
				<string>26CFF8CB195ABE4E00510A9C</string>
				<string>26CFF8B6195ABE4E00510A9C</string>
				<string>26CFF8B7195ABE4E00510A9C</string>
				<string>26CFF8BA195ABE4E00510A9C</string>
				<string>26CFF8BC195ABE4E00510A9C</string>
			</array>
			<key>isa</key>
			<string>PBXGroup</string>
			<key>name</key>
			<string>Supporting Files</string>
			<key>sourceTree</key>
			<string>&lt;group&gt;</string>
		</dict>
		<key>26CFF8B6195ABE4E00510A9C</key>
		<dict>
			<key>isa</key>
			<string>PBXFileReference</string>
			<key>lastKnownFileType</key>
			<string>text.plist.xml</string>
			<key>path</key>
			<string>INSpriterKitExample-Info.plist</string>
			<key>sourceTree</key>
			<string>&lt;group&gt;</string>
		</dict>
		<key>26CFF8B7195ABE4E00510A9C</key>
		<dict>
			<key>children</key>
			<array>
				<string>26CFF8B8195ABE4E00510A9C</string>
			</array>
			<key>isa</key>
			<string>PBXVariantGroup</string>
			<key>name</key>
			<string>InfoPlist.strings</string>
			<key>sourceTree</key>
			<string>&lt;group&gt;</string>
		</dict>
		<key>26CFF8B8195ABE4E00510A9C</key>
		<dict>
			<key>isa</key>
			<string>PBXFileReference</string>
			<key>lastKnownFileType</key>
			<string>text.plist.strings</string>
			<key>name</key>
			<string>en</string>
			<key>path</key>
			<string>en.lproj/InfoPlist.strings</string>
			<key>sourceTree</key>
			<string>&lt;group&gt;</string>
		</dict>
		<key>26CFF8B9195ABE4E00510A9C</key>
		<dict>
			<key>fileRef</key>
			<string>26CFF8B7195ABE4E00510A9C</string>
			<key>isa</key>
			<string>PBXBuildFile</string>
		</dict>
		<key>26CFF8BA195ABE4E00510A9C</key>
		<dict>
			<key>isa</key>
			<string>PBXFileReference</string>
			<key>lastKnownFileType</key>
			<string>sourcecode.c.objc</string>
			<key>path</key>
			<string>main.m</string>
			<key>sourceTree</key>
			<string>&lt;group&gt;</string>
		</dict>
		<key>26CFF8BB195ABE4E00510A9C</key>
		<dict>
			<key>fileRef</key>
			<string>26CFF8BA195ABE4E00510A9C</string>
			<key>isa</key>
			<string>PBXBuildFile</string>
		</dict>
		<key>26CFF8BC195ABE4E00510A9C</key>
		<dict>
			<key>isa</key>
			<string>PBXFileReference</string>
			<key>lastKnownFileType</key>
			<string>sourcecode.c.h</string>
			<key>path</key>
			<string>INSpriterKitExample-Prefix.pch</string>
			<key>sourceTree</key>
			<string>&lt;group&gt;</string>
		</dict>
		<key>26CFF8BD195ABE4E00510A9C</key>
		<dict>
			<key>isa</key>
			<string>PBXFileReference</string>
			<key>lastKnownFileType</key>
			<string>sourcecode.c.h</string>
			<key>path</key>
			<string>AppDelegate.h</string>
			<key>sourceTree</key>
			<string>&lt;group&gt;</string>
		</dict>
		<key>26CFF8BE195ABE4E00510A9C</key>
		<dict>
			<key>isa</key>
			<string>PBXFileReference</string>
			<key>lastKnownFileType</key>
			<string>sourcecode.c.objc</string>
			<key>path</key>
			<string>AppDelegate.m</string>
			<key>sourceTree</key>
			<string>&lt;group&gt;</string>
		</dict>
		<key>26CFF8BF195ABE4E00510A9C</key>
		<dict>
			<key>fileRef</key>
			<string>26CFF8BE195ABE4E00510A9C</string>
			<key>isa</key>
			<string>PBXBuildFile</string>
		</dict>
		<key>26CFF8C0195ABE4E00510A9C</key>
		<dict>
			<key>children</key>
			<array>
				<string>26CFF8C1195ABE4E00510A9C</string>
			</array>
			<key>isa</key>
			<string>PBXVariantGroup</string>
			<key>name</key>
			<string>Main.storyboard</string>
			<key>sourceTree</key>
			<string>&lt;group&gt;</string>
		</dict>
		<key>26CFF8C1195ABE4E00510A9C</key>
		<dict>
			<key>isa</key>
			<string>PBXFileReference</string>
			<key>lastKnownFileType</key>
			<string>file.storyboard</string>
			<key>name</key>
			<string>Base</string>
			<key>path</key>
			<string>Base.lproj/Main.storyboard</string>
			<key>sourceTree</key>
			<string>&lt;group&gt;</string>
		</dict>
		<key>26CFF8C2195ABE4E00510A9C</key>
		<dict>
			<key>fileRef</key>
			<string>26CFF8C0195ABE4E00510A9C</string>
			<key>isa</key>
			<string>PBXBuildFile</string>
		</dict>
		<key>26CFF8C3195ABE4E00510A9C</key>
		<dict>
			<key>isa</key>
			<string>PBXFileReference</string>
			<key>lastKnownFileType</key>
			<string>sourcecode.c.h</string>
			<key>path</key>
			<string>ViewController.h</string>
			<key>sourceTree</key>
			<string>&lt;group&gt;</string>
		</dict>
		<key>26CFF8C4195ABE4E00510A9C</key>
		<dict>
			<key>isa</key>
			<string>PBXFileReference</string>
			<key>lastKnownFileType</key>
			<string>sourcecode.c.objc</string>
			<key>path</key>
			<string>ViewController.m</string>
			<key>sourceTree</key>
			<string>&lt;group&gt;</string>
		</dict>
		<key>26CFF8C5195ABE4E00510A9C</key>
		<dict>
			<key>fileRef</key>
			<string>26CFF8C4195ABE4E00510A9C</string>
			<key>isa</key>
			<string>PBXBuildFile</string>
		</dict>
		<key>26CFF8CB195ABE4E00510A9C</key>
		<dict>
			<key>isa</key>
			<string>PBXFileReference</string>
			<key>lastKnownFileType</key>
			<string>folder.assetcatalog</string>
			<key>path</key>
			<string>Images.xcassets</string>
			<key>sourceTree</key>
			<string>&lt;group&gt;</string>
		</dict>
		<key>26CFF8CC195ABE4E00510A9C</key>
		<dict>
			<key>fileRef</key>
			<string>26CFF8CB195ABE4E00510A9C</string>
			<key>isa</key>
			<string>PBXBuildFile</string>
		</dict>
		<key>26CFF8CD195ABE4E00510A9C</key>
		<dict>
			<key>buildActionMask</key>
			<string>2147483647</string>
			<key>files</key>
			<array>
				<string>26CFF90E195AC87600510A9C</string>
			</array>
			<key>isa</key>
			<string>PBXSourcesBuildPhase</string>
			<key>runOnlyForDeploymentPostprocessing</key>
			<string>0</string>
		</dict>
		<key>26CFF8CE195ABE4E00510A9C</key>
		<dict>
			<key>buildActionMask</key>
			<string>2147483647</string>
			<key>files</key>
			<array>
				<string>26CFF8D3195ABE4E00510A9C</string>
				<string>26CFF8D5195ABE4E00510A9C</string>
				<string>26CFF8D4195ABE4E00510A9C</string>
				<string>B56CF3874C834B308856DB62</string>
			</array>
			<key>isa</key>
			<string>PBXFrameworksBuildPhase</string>
			<key>runOnlyForDeploymentPostprocessing</key>
			<string>0</string>
		</dict>
		<key>26CFF8CF195ABE4E00510A9C</key>
		<dict>
			<key>buildActionMask</key>
			<string>2147483647</string>
			<key>files</key>
			<array>
				<string>26CFF8DD195ABE4E00510A9C</string>
			</array>
			<key>isa</key>
			<string>PBXResourcesBuildPhase</string>
			<key>runOnlyForDeploymentPostprocessing</key>
			<string>0</string>
		</dict>
		<key>26CFF8D0195ABE4E00510A9C</key>
		<dict>
			<key>buildConfigurationList</key>
			<string>26CFF8E5195ABE4E00510A9C</string>
			<key>buildPhases</key>
			<array>
				<string>34C55FA7810C4D16943BCA9B</string>
				<string>26CFF8CD195ABE4E00510A9C</string>
				<string>26CFF8CE195ABE4E00510A9C</string>
				<string>26CFF8CF195ABE4E00510A9C</string>
				<string>1938DDC3558F4C86971187D6</string>
			</array>
			<key>buildRules</key>
			<array/>
			<key>dependencies</key>
			<array>
				<string>26CFF8D7195ABE4E00510A9C</string>
			</array>
			<key>isa</key>
			<string>PBXNativeTarget</string>
			<key>name</key>
			<string>INSpriterKitExampleTests</string>
			<key>productName</key>
			<string>INSpriterKitExampleTests</string>
			<key>productReference</key>
			<string>26CFF8D1195ABE4E00510A9C</string>
			<key>productType</key>
			<string>com.apple.product-type.bundle.unit-test</string>
		</dict>
		<key>26CFF8D1195ABE4E00510A9C</key>
		<dict>
			<key>explicitFileType</key>
			<string>wrapper.cfbundle</string>
			<key>includeInIndex</key>
			<string>0</string>
			<key>isa</key>
			<string>PBXFileReference</string>
			<key>path</key>
			<string>INSpriterKitExampleTests.xctest</string>
			<key>sourceTree</key>
			<string>BUILT_PRODUCTS_DIR</string>
		</dict>
		<key>26CFF8D2195ABE4E00510A9C</key>
		<dict>
			<key>isa</key>
			<string>PBXFileReference</string>
			<key>lastKnownFileType</key>
			<string>wrapper.framework</string>
			<key>name</key>
			<string>XCTest.framework</string>
			<key>path</key>
			<string>Library/Frameworks/XCTest.framework</string>
			<key>sourceTree</key>
			<string>DEVELOPER_DIR</string>
		</dict>
		<key>26CFF8D3195ABE4E00510A9C</key>
		<dict>
			<key>fileRef</key>
			<string>26CFF8D2195ABE4E00510A9C</string>
			<key>isa</key>
			<string>PBXBuildFile</string>
		</dict>
		<key>26CFF8D4195ABE4E00510A9C</key>
		<dict>
			<key>fileRef</key>
			<string>26CFF8AC195ABE4E00510A9C</string>
			<key>isa</key>
			<string>PBXBuildFile</string>
		</dict>
		<key>26CFF8D5195ABE4E00510A9C</key>
		<dict>
			<key>fileRef</key>
			<string>26CFF8B0195ABE4E00510A9C</string>
			<key>isa</key>
			<string>PBXBuildFile</string>
		</dict>
		<key>26CFF8D6195ABE4E00510A9C</key>
		<dict>
			<key>containerPortal</key>
			<string>26CFF8A1195ABE4E00510A9C</string>
			<key>isa</key>
			<string>PBXContainerItemProxy</string>
			<key>proxyType</key>
			<string>1</string>
			<key>remoteGlobalIDString</key>
			<string>26CFF8A8195ABE4E00510A9C</string>
			<key>remoteInfo</key>
			<string>INSpriterKitExample</string>
		</dict>
		<key>26CFF8D7195ABE4E00510A9C</key>
		<dict>
			<key>isa</key>
			<string>PBXTargetDependency</string>
			<key>target</key>
			<string>26CFF8A8195ABE4E00510A9C</string>
			<key>targetProxy</key>
			<string>26CFF8D6195ABE4E00510A9C</string>
		</dict>
		<key>26CFF8D8195ABE4E00510A9C</key>
		<dict>
			<key>children</key>
			<array>
				<string>26CFF90D195AC87600510A9C</string>
				<string>26CFF8D9195ABE4E00510A9C</string>
			</array>
			<key>isa</key>
			<string>PBXGroup</string>
			<key>path</key>
			<string>INSpriterKitExampleTests</string>
			<key>sourceTree</key>
			<string>&lt;group&gt;</string>
		</dict>
		<key>26CFF8D9195ABE4E00510A9C</key>
		<dict>
			<key>children</key>
			<array>
				<string>26CFF8DA195ABE4E00510A9C</string>
				<string>26CFF8DB195ABE4E00510A9C</string>
			</array>
			<key>isa</key>
			<string>PBXGroup</string>
			<key>name</key>
			<string>Supporting Files</string>
			<key>sourceTree</key>
			<string>&lt;group&gt;</string>
		</dict>
		<key>26CFF8DA195ABE4E00510A9C</key>
		<dict>
			<key>isa</key>
			<string>PBXFileReference</string>
			<key>lastKnownFileType</key>
			<string>text.plist.xml</string>
			<key>path</key>
			<string>INSpriterKitExampleTests-Info.plist</string>
			<key>sourceTree</key>
			<string>&lt;group&gt;</string>
		</dict>
		<key>26CFF8DB195ABE4E00510A9C</key>
		<dict>
			<key>children</key>
			<array>
				<string>26CFF8DC195ABE4E00510A9C</string>
			</array>
			<key>isa</key>
			<string>PBXVariantGroup</string>
			<key>name</key>
			<string>InfoPlist.strings</string>
			<key>sourceTree</key>
			<string>&lt;group&gt;</string>
		</dict>
		<key>26CFF8DC195ABE4E00510A9C</key>
		<dict>
			<key>isa</key>
			<string>PBXFileReference</string>
			<key>lastKnownFileType</key>
			<string>text.plist.strings</string>
			<key>name</key>
			<string>en</string>
			<key>path</key>
			<string>en.lproj/InfoPlist.strings</string>
			<key>sourceTree</key>
			<string>&lt;group&gt;</string>
		</dict>
		<key>26CFF8DD195ABE4E00510A9C</key>
		<dict>
			<key>fileRef</key>
			<string>26CFF8DB195ABE4E00510A9C</string>
			<key>isa</key>
			<string>PBXBuildFile</string>
		</dict>
		<key>26CFF8E0195ABE4E00510A9C</key>
		<dict>
			<key>buildSettings</key>
			<dict>
				<key>ALWAYS_SEARCH_USER_PATHS</key>
				<string>NO</string>
				<key>CLANG_CXX_LANGUAGE_STANDARD</key>
				<string>gnu++0x</string>
				<key>CLANG_CXX_LIBRARY</key>
				<string>libc++</string>
				<key>CLANG_ENABLE_MODULES</key>
				<string>YES</string>
				<key>CLANG_ENABLE_OBJC_ARC</key>
				<string>YES</string>
				<key>CLANG_WARN_BOOL_CONVERSION</key>
				<string>YES</string>
				<key>CLANG_WARN_CONSTANT_CONVERSION</key>
				<string>YES</string>
				<key>CLANG_WARN_DIRECT_OBJC_ISA_USAGE</key>
				<string>YES_ERROR</string>
				<key>CLANG_WARN_EMPTY_BODY</key>
				<string>YES</string>
				<key>CLANG_WARN_ENUM_CONVERSION</key>
				<string>YES</string>
				<key>CLANG_WARN_INT_CONVERSION</key>
				<string>YES</string>
				<key>CLANG_WARN_OBJC_ROOT_CLASS</key>
				<string>YES_ERROR</string>
				<key>CLANG_WARN__DUPLICATE_METHOD_MATCH</key>
				<string>YES</string>
				<key>CODE_SIGN_IDENTITY[sdk=iphoneos*]</key>
				<string>iPhone Developer</string>
				<key>COPY_PHASE_STRIP</key>
				<string>NO</string>
				<key>GCC_C_LANGUAGE_STANDARD</key>
				<string>gnu99</string>
				<key>GCC_DYNAMIC_NO_PIC</key>
				<string>NO</string>
				<key>GCC_OPTIMIZATION_LEVEL</key>
				<string>0</string>
				<key>GCC_PREPROCESSOR_DEFINITIONS</key>
				<array>
					<string>DEBUG=1</string>
					<string>$(inherited)</string>
				</array>
				<key>GCC_SYMBOLS_PRIVATE_EXTERN</key>
				<string>NO</string>
				<key>GCC_WARN_64_TO_32_BIT_CONVERSION</key>
				<string>YES</string>
				<key>GCC_WARN_ABOUT_RETURN_TYPE</key>
				<string>YES_ERROR</string>
				<key>GCC_WARN_UNDECLARED_SELECTOR</key>
				<string>YES</string>
				<key>GCC_WARN_UNINITIALIZED_AUTOS</key>
				<string>YES_AGGRESSIVE</string>
				<key>GCC_WARN_UNUSED_FUNCTION</key>
				<string>YES</string>
				<key>GCC_WARN_UNUSED_VARIABLE</key>
				<string>YES</string>
				<key>IPHONEOS_DEPLOYMENT_TARGET</key>
				<string>7.1</string>
				<key>ONLY_ACTIVE_ARCH</key>
				<string>YES</string>
				<key>SDKROOT</key>
				<string>iphoneos</string>
				<key>TARGETED_DEVICE_FAMILY</key>
				<string>2</string>
			</dict>
			<key>isa</key>
			<string>XCBuildConfiguration</string>
			<key>name</key>
			<string>Debug</string>
		</dict>
		<key>26CFF8E1195ABE4E00510A9C</key>
		<dict>
			<key>buildSettings</key>
			<dict>
				<key>ALWAYS_SEARCH_USER_PATHS</key>
				<string>NO</string>
				<key>CLANG_CXX_LANGUAGE_STANDARD</key>
				<string>gnu++0x</string>
				<key>CLANG_CXX_LIBRARY</key>
				<string>libc++</string>
				<key>CLANG_ENABLE_MODULES</key>
				<string>YES</string>
				<key>CLANG_ENABLE_OBJC_ARC</key>
				<string>YES</string>
				<key>CLANG_WARN_BOOL_CONVERSION</key>
				<string>YES</string>
				<key>CLANG_WARN_CONSTANT_CONVERSION</key>
				<string>YES</string>
				<key>CLANG_WARN_DIRECT_OBJC_ISA_USAGE</key>
				<string>YES_ERROR</string>
				<key>CLANG_WARN_EMPTY_BODY</key>
				<string>YES</string>
				<key>CLANG_WARN_ENUM_CONVERSION</key>
				<string>YES</string>
				<key>CLANG_WARN_INT_CONVERSION</key>
				<string>YES</string>
				<key>CLANG_WARN_OBJC_ROOT_CLASS</key>
				<string>YES_ERROR</string>
				<key>CLANG_WARN__DUPLICATE_METHOD_MATCH</key>
				<string>YES</string>
				<key>CODE_SIGN_IDENTITY[sdk=iphoneos*]</key>
				<string>iPhone Developer</string>
				<key>COPY_PHASE_STRIP</key>
				<string>YES</string>
				<key>ENABLE_NS_ASSERTIONS</key>
				<string>NO</string>
				<key>GCC_C_LANGUAGE_STANDARD</key>
				<string>gnu99</string>
				<key>GCC_WARN_64_TO_32_BIT_CONVERSION</key>
				<string>YES</string>
				<key>GCC_WARN_ABOUT_RETURN_TYPE</key>
				<string>YES_ERROR</string>
				<key>GCC_WARN_UNDECLARED_SELECTOR</key>
				<string>YES</string>
				<key>GCC_WARN_UNINITIALIZED_AUTOS</key>
				<string>YES_AGGRESSIVE</string>
				<key>GCC_WARN_UNUSED_FUNCTION</key>
				<string>YES</string>
				<key>GCC_WARN_UNUSED_VARIABLE</key>
				<string>YES</string>
				<key>IPHONEOS_DEPLOYMENT_TARGET</key>
				<string>7.1</string>
				<key>SDKROOT</key>
				<string>iphoneos</string>
				<key>TARGETED_DEVICE_FAMILY</key>
				<string>2</string>
				<key>VALIDATE_PRODUCT</key>
				<string>YES</string>
			</dict>
			<key>isa</key>
			<string>XCBuildConfiguration</string>
			<key>name</key>
			<string>Release</string>
		</dict>
		<key>26CFF8E2195ABE4E00510A9C</key>
		<dict>
			<key>buildConfigurations</key>
			<array>
				<string>26CFF8E3195ABE4E00510A9C</string>
				<string>26CFF8E4195ABE4E00510A9C</string>
			</array>
			<key>defaultConfigurationIsVisible</key>
			<string>0</string>
			<key>defaultConfigurationName</key>
			<string>Release</string>
			<key>isa</key>
			<string>XCConfigurationList</string>
		</dict>
		<key>26CFF8E3195ABE4E00510A9C</key>
		<dict>
			<key>baseConfigurationReference</key>
			<string>45E440100667B53561A2528E</string>
			<key>buildSettings</key>
			<dict>
				<key>ASSETCATALOG_COMPILER_APPICON_NAME</key>
				<string>AppIcon</string>
				<key>ASSETCATALOG_COMPILER_LAUNCHIMAGE_NAME</key>
				<string>LaunchImage</string>
				<key>GCC_PRECOMPILE_PREFIX_HEADER</key>
				<string>YES</string>
				<key>GCC_PREFIX_HEADER</key>
				<string>INSpriterKitExample/INSpriterKitExample-Prefix.pch</string>
				<key>INFOPLIST_FILE</key>
				<string>INSpriterKitExample/INSpriterKitExample-Info.plist</string>
				<key>PRODUCT_NAME</key>
				<string>$(TARGET_NAME)</string>
				<key>SPRITEKIT_TEXTURE_ATLAS_OUTPUT</key>
				<string>YES</string>
				<key>WRAPPER_EXTENSION</key>
				<string>app</string>
			</dict>
			<key>isa</key>
			<string>XCBuildConfiguration</string>
			<key>name</key>
			<string>Debug</string>
		</dict>
		<key>26CFF8E4195ABE4E00510A9C</key>
		<dict>
			<key>baseConfigurationReference</key>
			<string>0D61312C4A537A94EFEE1019</string>
			<key>buildSettings</key>
			<dict>
				<key>ASSETCATALOG_COMPILER_APPICON_NAME</key>
				<string>AppIcon</string>
				<key>ASSETCATALOG_COMPILER_LAUNCHIMAGE_NAME</key>
				<string>LaunchImage</string>
				<key>GCC_PRECOMPILE_PREFIX_HEADER</key>
				<string>YES</string>
				<key>GCC_PREFIX_HEADER</key>
				<string>INSpriterKitExample/INSpriterKitExample-Prefix.pch</string>
				<key>INFOPLIST_FILE</key>
				<string>INSpriterKitExample/INSpriterKitExample-Info.plist</string>
				<key>PRODUCT_NAME</key>
				<string>$(TARGET_NAME)</string>
				<key>SPRITEKIT_TEXTURE_ATLAS_OUTPUT</key>
				<string>YES</string>
				<key>WRAPPER_EXTENSION</key>
				<string>app</string>
			</dict>
			<key>isa</key>
			<string>XCBuildConfiguration</string>
			<key>name</key>
			<string>Release</string>
		</dict>
		<key>26CFF8E5195ABE4E00510A9C</key>
		<dict>
			<key>buildConfigurations</key>
			<array>
				<string>26CFF8E6195ABE4E00510A9C</string>
				<string>26CFF8E7195ABE4E00510A9C</string>
			</array>
			<key>defaultConfigurationIsVisible</key>
			<string>0</string>
			<key>defaultConfigurationName</key>
			<string>Release</string>
			<key>isa</key>
			<string>XCConfigurationList</string>
		</dict>
		<key>26CFF8E6195ABE4E00510A9C</key>
		<dict>
			<key>baseConfigurationReference</key>
			<string>45E440100667B53561A2528E</string>
			<key>buildSettings</key>
			<dict>
				<key>BUNDLE_LOADER</key>
				<string>$(BUILT_PRODUCTS_DIR)/INSpriterKitExample.app/INSpriterKitExample</string>
				<key>FRAMEWORK_SEARCH_PATHS</key>
				<array>
					<string>$(SDKROOT)/Developer/Library/Frameworks</string>
					<string>$(inherited)</string>
					<string>$(DEVELOPER_FRAMEWORKS_DIR)</string>
				</array>
				<key>GCC_PRECOMPILE_PREFIX_HEADER</key>
				<string>YES</string>
				<key>GCC_PREFIX_HEADER</key>
				<string>INSpriterKitExample/INSpriterKitExample-Prefix.pch</string>
				<key>GCC_PREPROCESSOR_DEFINITIONS</key>
				<array>
					<string>DEBUG=1</string>
					<string>$(inherited)</string>
				</array>
				<key>INFOPLIST_FILE</key>
				<string>INSpriterKitExampleTests/INSpriterKitExampleTests-Info.plist</string>
				<key>PRODUCT_NAME</key>
				<string>$(TARGET_NAME)</string>
				<key>TEST_HOST</key>
				<string>$(BUNDLE_LOADER)</string>
				<key>WRAPPER_EXTENSION</key>
				<string>xctest</string>
			</dict>
			<key>isa</key>
			<string>XCBuildConfiguration</string>
			<key>name</key>
			<string>Debug</string>
		</dict>
		<key>26CFF8E7195ABE4E00510A9C</key>
		<dict>
			<key>baseConfigurationReference</key>
			<string>0D61312C4A537A94EFEE1019</string>
			<key>buildSettings</key>
			<dict>
				<key>BUNDLE_LOADER</key>
				<string>$(BUILT_PRODUCTS_DIR)/INSpriterKitExample.app/INSpriterKitExample</string>
				<key>FRAMEWORK_SEARCH_PATHS</key>
				<array>
					<string>$(SDKROOT)/Developer/Library/Frameworks</string>
					<string>$(inherited)</string>
					<string>$(DEVELOPER_FRAMEWORKS_DIR)</string>
				</array>
				<key>GCC_PRECOMPILE_PREFIX_HEADER</key>
				<string>YES</string>
				<key>GCC_PREFIX_HEADER</key>
				<string>INSpriterKitExample/INSpriterKitExample-Prefix.pch</string>
				<key>INFOPLIST_FILE</key>
				<string>INSpriterKitExampleTests/INSpriterKitExampleTests-Info.plist</string>
				<key>PRODUCT_NAME</key>
				<string>$(TARGET_NAME)</string>
				<key>TEST_HOST</key>
				<string>$(BUNDLE_LOADER)</string>
				<key>WRAPPER_EXTENSION</key>
				<string>xctest</string>
			</dict>
			<key>isa</key>
			<string>XCBuildConfiguration</string>
			<key>name</key>
			<string>Release</string>
		</dict>
		<key>26CFF8E9195AC00F00510A9C</key>
		<dict>
			<key>fileEncoding</key>
			<string>4</string>
			<key>isa</key>
			<string>PBXFileReference</string>
			<key>lastKnownFileType</key>
			<string>sourcecode.c.h</string>
			<key>path</key>
			<string>TableViewController.h</string>
			<key>sourceTree</key>
			<string>&lt;group&gt;</string>
		</dict>
		<key>26CFF8EA195AC00F00510A9C</key>
		<dict>
			<key>fileEncoding</key>
			<string>4</string>
			<key>isa</key>
			<string>PBXFileReference</string>
			<key>lastKnownFileType</key>
			<string>sourcecode.c.objc</string>
			<key>path</key>
			<string>TableViewController.m</string>
			<key>sourceTree</key>
			<string>&lt;group&gt;</string>
		</dict>
		<key>26CFF8EB195AC00F00510A9C</key>
		<dict>
			<key>fileRef</key>
			<string>26CFF8EA195AC00F00510A9C</string>
			<key>isa</key>
			<string>PBXBuildFile</string>
		</dict>
		<key>26CFF8EC195AC01B00510A9C</key>
		<dict>
			<key>children</key>
			<array>
				<string>26CFF8BD195ABE4E00510A9C</string>
				<string>26CFF8BE195ABE4E00510A9C</string>
				<string>26CFF8C0195ABE4E00510A9C</string>
				<string>26CFF8E9195AC00F00510A9C</string>
				<string>26CFF8EA195AC00F00510A9C</string>
				<string>26CFF8C3195ABE4E00510A9C</string>
				<string>26CFF8C4195ABE4E00510A9C</string>
			</array>
			<key>isa</key>
			<string>PBXGroup</string>
			<key>name</key>
			<string>App Framework</string>
			<key>sourceTree</key>
			<string>&lt;group&gt;</string>
		</dict>
		<key>26CFF8ED195AC7A000510A9C</key>
		<dict>
			<key>children</key>
			<array>
				<string>26A531D7195D834400B95196</string>
				<string>26A44D201972880D00046422</string>
			</array>
			<key>isa</key>
			<string>PBXGroup</string>
			<key>name</key>
			<string>Assets</string>
			<key>path</key>
			<string>../../Assets</string>
			<key>sourceTree</key>
			<string>&lt;group&gt;</string>
		</dict>
		<key>26CFF907195AC7E800510A9C</key>
		<dict>
			<key>children</key>
			<array>
				<string>26CFF90A195AC7E800510A9C</string>
				<string>26A44D311972A22600046422</string>
				<string>26A44D351972C44400046422</string>
				<string>26A44D361972C44400046422</string>
				<string>26E1C39D197FFC4E00B7585E</string>
				<string>26E1C39E197FFC4E00B7585E</string>
			</array>
			<key>isa</key>
			<string>PBXGroup</string>
			<key>name</key>
			<string>ExampleScenes</string>
			<key>path</key>
			<string>../../ExampleScenes</string>
			<key>sourceTree</key>
			<string>&lt;group&gt;</string>
		</dict>
		<key>26CFF90A195AC7E800510A9C</key>
		<dict>
			<key>fileEncoding</key>
			<string>4</string>
			<key>isa</key>
			<string>PBXFileReference</string>
			<key>lastKnownFileType</key>
			<string>text.plist.xml</string>
			<key>path</key>
			<string>Scenes.plist</string>
			<key>sourceTree</key>
			<string>&lt;group&gt;</string>
		</dict>
		<key>26CFF90C195AC7E800510A9C</key>
		<dict>
			<key>fileRef</key>
			<string>26CFF90A195AC7E800510A9C</string>
			<key>isa</key>
			<string>PBXBuildFile</string>
		</dict>
		<key>26CFF90D195AC87600510A9C</key>
		<dict>
			<key>fileEncoding</key>
			<string>4</string>
			<key>isa</key>
			<string>PBXFileReference</string>
			<key>lastKnownFileType</key>
			<string>sourcecode.c.objc</string>
			<key>name</key>
			<string>Tests.m</string>
			<key>path</key>
			<string>../../TestFiles/Tests.m</string>
			<key>sourceTree</key>
			<string>&lt;group&gt;</string>
		</dict>
		<key>26CFF90E195AC87600510A9C</key>
		<dict>
			<key>fileRef</key>
			<string>26CFF90D195AC87600510A9C</string>
			<key>isa</key>
			<string>PBXBuildFile</string>
		</dict>
		<key>26E1C39A197FF52800B7585E</key>
		<dict>
			<key>fileEncoding</key>
			<string>4</string>
			<key>isa</key>
			<string>PBXFileReference</string>
			<key>lastKnownFileType</key>
			<string>sourcecode.c.h</string>
			<key>path</key>
			<string>NegativeAnimationSpeed.h</string>
			<key>sourceTree</key>
			<string>&lt;group&gt;</string>
		</dict>
		<key>26E1C39B197FF52800B7585E</key>
		<dict>
			<key>fileEncoding</key>
			<string>4</string>
			<key>isa</key>
			<string>PBXFileReference</string>
			<key>lastKnownFileType</key>
			<string>sourcecode.c.objc</string>
			<key>path</key>
			<string>NegativeAnimationSpeed.m</string>
			<key>sourceTree</key>
			<string>&lt;group&gt;</string>
		</dict>
		<key>26E1C39C197FF52800B7585E</key>
		<dict>
			<key>fileRef</key>
			<string>26E1C39B197FF52800B7585E</string>
			<key>isa</key>
			<string>PBXBuildFile</string>
		</dict>
		<key>26E1C39D197FFC4E00B7585E</key>
		<dict>
			<key>fileEncoding</key>
			<string>4</string>
			<key>isa</key>
			<string>PBXFileReference</string>
			<key>lastKnownFileType</key>
			<string>sourcecode.c.h</string>
			<key>path</key>
			<string>GreyGuy.h</string>
			<key>sourceTree</key>
			<string>&lt;group&gt;</string>
		</dict>
		<key>26E1C39E197FFC4E00B7585E</key>
		<dict>
			<key>fileEncoding</key>
			<string>4</string>
			<key>isa</key>
			<string>PBXFileReference</string>
			<key>lastKnownFileType</key>
			<string>sourcecode.c.objc</string>
			<key>path</key>
			<string>GreyGuy.m</string>
			<key>sourceTree</key>
			<string>&lt;group&gt;</string>
		</dict>
		<key>26E1C39F197FFC4E00B7585E</key>
		<dict>
			<key>fileRef</key>
			<string>26E1C39E197FFC4E00B7585E</string>
			<key>isa</key>
			<string>PBXBuildFile</string>
		</dict>
		<key>26EEF5BC197543D800B87E3F</key>
		<dict>
			<key>fileEncoding</key>
			<string>4</string>
			<key>isa</key>
			<string>PBXFileReference</string>
			<key>lastKnownFileType</key>
			<string>sourcecode.c.h</string>
			<key>path</key>
			<string>SynchronMovement.h</string>
			<key>sourceTree</key>
			<string>&lt;group&gt;</string>
		</dict>
		<key>26EEF5BD197543D800B87E3F</key>
		<dict>
			<key>fileEncoding</key>
			<string>4</string>
			<key>isa</key>
			<string>PBXFileReference</string>
			<key>lastKnownFileType</key>
			<string>sourcecode.c.objc</string>
			<key>path</key>
			<string>SynchronMovement.m</string>
			<key>sourceTree</key>
			<string>&lt;group&gt;</string>
		</dict>
		<key>26EEF5BE197543D800B87E3F</key>
		<dict>
			<key>fileRef</key>
			<string>26EEF5BD197543D800B87E3F</string>
			<key>isa</key>
			<string>PBXBuildFile</string>
		</dict>
		<key>26EEF5BF197548B900B87E3F</key>
		<dict>
			<key>fileEncoding</key>
			<string>4</string>
			<key>isa</key>
			<string>PBXFileReference</string>
			<key>lastKnownFileType</key>
			<string>sourcecode.c.h</string>
			<key>path</key>
			<string>ScaleAndPivot.h</string>
			<key>sourceTree</key>
			<string>&lt;group&gt;</string>
		</dict>
		<key>26EEF5C0197548B900B87E3F</key>
		<dict>
			<key>fileEncoding</key>
			<string>4</string>
			<key>isa</key>
			<string>PBXFileReference</string>
			<key>lastKnownFileType</key>
			<string>sourcecode.c.objc</string>
			<key>path</key>
			<string>ScaleAndPivot.m</string>
			<key>sourceTree</key>
			<string>&lt;group&gt;</string>
		</dict>
		<key>26EEF5C1197548B900B87E3F</key>
		<dict>
			<key>fileRef</key>
			<string>26EEF5C0197548B900B87E3F</string>
			<key>isa</key>
			<string>PBXBuildFile</string>
		</dict>
		<key>26EEF5C2197555A500B87E3F</key>
		<dict>
			<key>fileEncoding</key>
			<string>4</string>
			<key>isa</key>
			<string>PBXFileReference</string>
			<key>lastKnownFileType</key>
			<string>sourcecode.c.h</string>
			<key>path</key>
			<string>ComplexBoneAnimation.h</string>
			<key>sourceTree</key>
			<string>&lt;group&gt;</string>
		</dict>
		<key>26EEF5C3197555A500B87E3F</key>
		<dict>
			<key>fileEncoding</key>
			<string>4</string>
			<key>isa</key>
			<string>PBXFileReference</string>
			<key>lastKnownFileType</key>
			<string>sourcecode.c.objc</string>
			<key>path</key>
			<string>ComplexBoneAnimation.m</string>
			<key>sourceTree</key>
			<string>&lt;group&gt;</string>
		</dict>
		<key>26EEF5C4197555A500B87E3F</key>
		<dict>
			<key>fileRef</key>
			<string>26EEF5C3197555A500B87E3F</string>
			<key>isa</key>
			<string>PBXBuildFile</string>
		</dict>
		<key>34C55FA7810C4D16943BCA9B</key>
		<dict>
			<key>buildActionMask</key>
			<string>2147483647</string>
			<key>files</key>
			<array/>
			<key>inputPaths</key>
			<array/>
			<key>isa</key>
			<string>PBXShellScriptBuildPhase</string>
			<key>name</key>
			<string>Check Pods Manifest.lock</string>
			<key>outputPaths</key>
			<array/>
			<key>runOnlyForDeploymentPostprocessing</key>
			<string>0</string>
			<key>shellPath</key>
			<string>/bin/sh</string>
			<key>shellScript</key>
			<string>diff "${PODS_ROOT}/../Podfile.lock" "${PODS_ROOT}/Manifest.lock" &gt; /dev/null
if [[ $? != 0 ]] ; then
    cat &lt;&lt; EOM
error: The sandbox is not in sync with the Podfile.lock. Run 'pod install' or update your CocoaPods installation.
EOM
    exit 1
fi
</string>
			<key>showEnvVarsInLog</key>
			<string>0</string>
		</dict>
		<key>45E440100667B53561A2528E</key>
		<dict>
			<key>includeInIndex</key>
			<string>1</string>
			<key>isa</key>
			<string>PBXFileReference</string>
			<key>lastKnownFileType</key>
			<string>text.xcconfig</string>
			<key>name</key>
			<string>Pods.debug.xcconfig</string>
			<key>path</key>
			<string>Pods/Target Support Files/Pods/Pods.debug.xcconfig</string>
			<key>sourceTree</key>
			<string>&lt;group&gt;</string>
		</dict>
		<key>5F1A18C01DC44B2CB98049E9</key>
		<dict>
			<key>explicitFileType</key>
			<string>archive.ar</string>
			<key>includeInIndex</key>
			<string>0</string>
			<key>isa</key>
			<string>PBXFileReference</string>
			<key>path</key>
			<string>libPods.a</string>
			<key>sourceTree</key>
			<string>BUILT_PRODUCTS_DIR</string>
		</dict>
		<key>83A229583A274AE0AC817833</key>
		<dict>
			<key>fileRef</key>
			<string>5F1A18C01DC44B2CB98049E9</string>
			<key>isa</key>
			<string>PBXBuildFile</string>
		</dict>
		<key>B56CF3874C834B308856DB62</key>
		<dict>
			<key>fileRef</key>
			<string>5F1A18C01DC44B2CB98049E9</string>
			<key>isa</key>
			<string>PBXBuildFile</string>
		</dict>
		<key>E7377DF830A247CB9D8CA1EB</key>
		<dict>
			<key>buildActionMask</key>
			<string>2147483647</string>
			<key>files</key>
			<array/>
			<key>inputPaths</key>
			<array/>
			<key>isa</key>
			<string>PBXShellScriptBuildPhase</string>
			<key>name</key>
			<string>Check Pods Manifest.lock</string>
			<key>outputPaths</key>
			<array/>
			<key>runOnlyForDeploymentPostprocessing</key>
			<string>0</string>
			<key>shellPath</key>
			<string>/bin/sh</string>
			<key>shellScript</key>
			<string>diff "${PODS_ROOT}/../Podfile.lock" "${PODS_ROOT}/Manifest.lock" &gt; /dev/null
if [[ $? != 0 ]] ; then
    cat &lt;&lt; EOM
error: The sandbox is not in sync with the Podfile.lock. Run 'pod install' or update your CocoaPods installation.
EOM
    exit 1
fi
</string>
			<key>showEnvVarsInLog</key>
			<string>0</string>
		</dict>
		<key>F5E57145EEA548F79DBE0CD1</key>
		<dict>
			<key>buildActionMask</key>
			<string>2147483647</string>
			<key>files</key>
			<array/>
			<key>inputPaths</key>
			<array/>
			<key>isa</key>
			<string>PBXShellScriptBuildPhase</string>
			<key>name</key>
			<string>Copy Pods Resources</string>
			<key>outputPaths</key>
			<array/>
			<key>runOnlyForDeploymentPostprocessing</key>
			<string>0</string>
			<key>shellPath</key>
			<string>/bin/sh</string>
			<key>shellScript</key>
			<string>"${SRCROOT}/Pods/Target Support Files/Pods/Pods-resources.sh"
</string>
			<key>showEnvVarsInLog</key>
			<string>0</string>
		</dict>
		<key>F8E97C84B784AF302FAF7A28</key>
		<dict>
			<key>children</key>
			<array>
				<string>45E440100667B53561A2528E</string>
				<string>0D61312C4A537A94EFEE1019</string>
			</array>
			<key>isa</key>
			<string>PBXGroup</string>
			<key>name</key>
			<string>Pods</string>
			<key>sourceTree</key>
			<string>&lt;group&gt;</string>
		</dict>
	</dict>
	<key>rootObject</key>
	<string>26CFF8A1195ABE4E00510A9C</string>
</dict>
</plist>
